{
  "nodes": {
    "hamio": {
      "inputs": {
        "nixpkgs": "nixpkgs"
      },
      "locked": {
        "lastModified": 1789718225,
        "narHash": "sha256-ATiLCe7ASu1EYqzIwGLoJ6/qgGap/2HmCTstr6chZQ4=",
        "owner": "9uiLe",
        "repo": "hamio",
        "rev": "dd8c86c6923f692ef183152958147bf095e85daa",
        "type": "github"
      },
      "original": {
        "owner": "9uiLe",
        "repo": "hamio",
        "type": "github"
      }
    },
    "nixpkgs": {
      "locked": {
        "lastModified": 1789370336,
        "narHash": "sha256-6RSEDHIWQtesQKWSu5qRai8L2h4KgCgMEfJHstW99G4=",
        "owner": "NixOS",
        "repo": "nixpkgs",
        "rev": "c7def046b9a883d46974757852106483d741586f",
        "type": "github"
      },
      "original": {
        "owner": "NixOS",
        "ref": "nixpkgs-unstable",
        "repo": "nixpkgs",
        "type": "github"
      }
    },
    "nixpkgs_2": {
      "locked": {
        "lastModified": 1789114715,
        "narHash": "sha256-ugpsyk3NM2s87vXfUiIIiibbJ4Pp0JPS5p/3mfs+q+c=",
        "owner": "NixOS",
        "repo": "nixpkgs",
        "rev": "21a67dc470149f337cecafbe965d8d252a390518",
        "type": "github"
      },
      "original": {
        "owner": "NixOS",
        "ref": "nixos-26.05",
        "repo": "nixpkgs",
        "type": "github"
      }
    },
    "rive-cli": {
      "flake": false,
      "locked": {
        "narHash": "sha256-S4hzVVtCgu1wl2K+lXGSH7Z+in8hz7/2fngQOkGwVzI=",
        "type": "file",
        "url": "https://releases.rive.app/cli/v1.0.4/rive-macos-arm64.tar.gz"
      },
      "original": {
        "type": "file",
        "url": "https://releases.rive.app/cli/v1.0.4/rive-macos-arm64.tar.gz"
      }
    },
    "root": {
      "inputs": {
        "hamio": "hamio",
        "nixpkgs": "nixpkgs_2",
        "rive-cli": "rive-cli",
        "sim-use": "sim-use"
      }
    },
    "sim-use": {
      "flake": false,
      "locked": {
        "narHash": "sha256-QsO6Of0E3wjfnc8XZ/6oBViog6fl/DooaFC/ZE3f0Es=",
        "type": "file",
        "url": "https://github.com/lycorp-jp/sim-use/releases/download/v0.14.0/sim-use-v0.14.0.tar.gz"
      },
      "original": {
        "type": "file",
        "url": "https://github.com/lycorp-jp/sim-use/releases/download/v0.14.0/sim-use-v0.14.0.tar.gz"
      }
    }
  },
  "root": "root",
  "version": 7
}
