{
  "nodes": {
    "nixpkgs": {
      "locked": {
        "lastModified": 1789114715,
        "narHash": "sha256-ugpsyk3NM2s87vXfUiIIiibbJ4Pp0JPS5p/3mfs+q+c=",
        "owner": "NixOS",
        "repo": "nixpkgs",
        "rev": "21a67dc470149f337cecafbe965d8d252a390518",
        "type": "github"
      },
      "original": {
        "owner": "NixOS",
        "ref": "nixos-26.05",
        "repo": "nixpkgs",
        "type": "github"
      }
    },
    "root": {
      "inputs": {
        "nixpkgs": "nixpkgs",
        "sim-use": "sim-use"
      }
    },
    "sim-use": {
      "flake": false,
      "locked": {
        "narHash": "sha256-QsO6Of0E3wjfnc8XZ/6oBViog6fl/DooaFC/ZE3f0Es=",
        "type": "file",
        "url": "https://github.com/lycorp-jp/sim-use/releases/download/v0.14.0/sim-use-v0.14.0.tar.gz"
      },
      "original": {
        "type": "file",
        "url": "https://github.com/lycorp-jp/sim-use/releases/download/v0.14.0/sim-use-v0.14.0.tar.gz"
      }
    }
  },
  "root": "root",
  "version": 7
}
