// !$*UTF8*$!
{
 archiveVersion = 1; classes = {}; objectVersion = 56;
 objects = {
  B721EBA500B470340008AD85 = { isa = PBXFileReference; lastKnownFileType = sourcecode.swift; path = MarkdownPreview.swift; sourceTree = "<group>"; };
  58ADEE7B19C35A1D87945291 = { isa = PBXBuildFile; fileRef = B721EBA500B470340008AD85; };
  DEA970F0BC86D26B2E8D94D0 = { isa = PBXBuildFile; fileRef = B721EBA500B470340008AD85; };
  6DE62B7AAB8A9FABE543D4D3 = { isa = PBXFileReference; lastKnownFileType = sourcecode.swift; path = MarkdownPreviewBlock.swift; sourceTree = "<group>"; };
  AF2881E5A48385ADAB86CDD2 = { isa = PBXBuildFile; fileRef = 6DE62B7AAB8A9FABE543D4D3; };
  CECDFA24F236288641B66EE6 = { isa = PBXBuildFile; fileRef = 6DE62B7AAB8A9FABE543D4D3; };
  17D58B79368E6A3DC7A07B80 = { isa = PBXGroup; path = Contracts; children = (00000000000000000000F100, 6C445518EE5349A24E2048DE, 00000000000000000000006A); sourceTree = "<group>"; };
  33FCB1E0E5B6D854000531AC = { isa = PBXBuildFile; fileRef = 494A99CB5EAE60D3A8A35E5B; };
  494A99CB5EAE60D3A8A35E5B = { isa = PBXFileReference; lastKnownFileType = sourcecode.swift; path = SystemLibraryEffects.swift; sourceTree = "<group>"; };
  90613CE36D2528F7E77363B0 = { isa = PBXBuildFile; fileRef = 1161CF79F16AC65C38548F37; };
  1161CF79F16AC65C38548F37 = { isa = PBXFileReference; lastKnownFileType = sourcecode.swift; path = LibraryPresentation.swift; sourceTree = "<group>"; };
  C1E689ABC5AB2063ADB681F3 = { isa = PBXBuildFile; fileRef = E2ADED0A864A99F45F5DDCED; };
  756AB99F062677ED0A1AD452 = { isa = PBXBuildFile; fileRef = E2ADED0A864A99F45F5DDCED; };
  E2ADED0A864A99F45F5DDCED = { isa = PBXFileReference; lastKnownFileType = sourcecode.swift; path = KeyboardPresentation.swift; sourceTree = "<group>"; };
  2B8AD2C5CBD58C6DA537648E = { isa = PBXBuildFile; fileRef = 2565814389C5E30FEBC198CF; };
  1A16CEEFC76F80EB56146153 = { isa = PBXBuildFile; fileRef = 2565814389C5E30FEBC198CF; };
  2565814389C5E30FEBC198CF = { isa = PBXFileReference; lastKnownFileType = sourcecode.swift; path = EditorPresentation.swift; sourceTree = "<group>"; };
  8604E8F0A33A2B900A69F0DE = { isa = PBXGroup; path = Application; children = (17D58B79368E6A3DC7A07B80, 000000000000000000000003, E00000000000000000000009, 000000000000000000000008, 1ED1F365B8687B3C67179BA9, 5044F95BC86EC927DE79B8E9, C00000000000000000000300); sourceTree = "<group>"; };
  520F2AEC7C788F813779766E = { isa = PBXBuildFile; fileRef = 00000000000000000000006A; };
  3E6F70D172F30AA0621260A9 = { isa = PBXBuildFile; fileRef = 000000000000000000000067; };
  B9F14CED5BAA97B5195BC643 = { isa = PBXBuildFile; fileRef = 00000000000000000000F100; };
  5EE5D27F4058F595A7E2CAF7 = { isa = PBXBuildFile; fileRef = 00000000000000000000F120; };
  8F184F4F116FF18765D56D23 = { isa = PBXBuildFile; fileRef = B511DC3708967E1721D6C21E; };
  A35B94D11CC8CA062D286A02 = { isa = PBXBuildFile; fileRef = B511DC3708967E1721D6C21E; };
  B511DC3708967E1721D6C21E = { isa = PBXFileReference; lastKnownFileType = sourcecode.swift; path = EditorHelpButton.swift; sourceTree = "<group>"; };
  5E90FEBF58270801046826F5 = { isa = PBXBuildFile; fileRef = 7472138D78EA6A0D8A444AF3; };
  D3B1D3F2388E8DB3A848B4C9 = { isa = PBXBuildFile; fileRef = 7472138D78EA6A0D8A444AF3; };
  7472138D78EA6A0D8A444AF3 = { isa = PBXFileReference; lastKnownFileType = sourcecode.swift; path = PinButton.swift; sourceTree = "<group>"; };
  4576EA7CDF93C5CC7513E622 = { isa = PBXBuildFile; fileRef = F743FD53DB64200999A904B5; };
  441BA2649C57628E8364FE69 = { isa = PBXBuildFile; fileRef = F743FD53DB64200999A904B5; };
  F743FD53DB64200999A904B5 = { isa = PBXFileReference; lastKnownFileType = sourcecode.swift; path = SnippetHeading.swift; sourceTree = "<group>"; };
  14BBF0AA3710B0FD60711ED9 = { isa = PBXBuildFile; fileRef = 9DB58B0AB6D9D81BAC486E0B; };
  D830B9C74CEF4EC2182D8298 = { isa = PBXBuildFile; fileRef = 9DB58B0AB6D9D81BAC486E0B; };
  0FBFB1FADD613D837028706C = { isa = PBXBuildFile; fileRef = 9DB58B0AB6D9D81BAC486E0B; };
  9DB58B0AB6D9D81BAC486E0B = { isa = PBXFileReference; lastKnownFileType = sourcecode.swift; path = SnippetPresentation.swift; sourceTree = "<group>"; };
  27C410881FC63337E9183193 = { isa = PBXBuildFile; fileRef = 32F2B98B7CC30C3045B143D4; };
  7D1B0234912EE722714989CC = { isa = PBXBuildFile; fileRef = 32F2B98B7CC30C3045B143D4; };
  32F2B98B7CC30C3045B143D4 = { isa = PBXFileReference; lastKnownFileType = sourcecode.swift; path = MarkdownEditor.swift; sourceTree = "<group>"; };
  8814B8A2B1236D3025F65318 = { isa = PBXBuildFile; fileRef = B0F36518E054F102D8877847; };
  301A8D76E88FAAFF521345F6 = { isa = PBXBuildFile; fileRef = B0F36518E054F102D8877847; };
  B0F36518E054F102D8877847 = { isa = PBXFileReference; lastKnownFileType = sourcecode.swift; path = MarkdownSourceTextView.swift; sourceTree = "<group>"; };
  49048B49416AD393A824095A = { isa = PBXBuildFile; fileRef = 1ED1F365B8687B3C67179BA9; };
  1ED1F365B8687B3C67179BA9 = { isa = PBXFileReference; lastKnownFileType = sourcecode.swift; path = LibraryReadState.swift; sourceTree = "<group>"; };
  16FA91BF93C9A45EB6C19942 = { isa = PBXFileReference; lastKnownFileType = sourcecode.swift; path = EditorMarkdownTests.swift; sourceTree = "<group>"; };
  6F7B5C2C5A0496C32D856DE6 = { isa = PBXBuildFile; fileRef = 16FA91BF93C9A45EB6C19942; };
  B61C1CD952A081933D2CD1CF = { isa = PBXFileReference; lastKnownFileType = sourcecode.swift; path = MarkdownSourceInput.swift; sourceTree = "<group>"; };
  A457BBF298FC35BACDCA22B3 = { isa = PBXBuildFile; fileRef = B61C1CD952A081933D2CD1CF; };
  CC2A61605E27FA89469BED6C = { isa = PBXBuildFile; fileRef = B61C1CD952A081933D2CD1CF; };
  C01883A039685011F8A0D35A = { isa = PBXFileReference; lastKnownFileType = sourcecode.swift; path = MarkdownDocument.swift; sourceTree = "<group>"; };
  C4BD7C5C7C19BF79EDB43911 = { isa = PBXBuildFile; fileRef = C01883A039685011F8A0D35A; };
  0481089DFF8BE693181A6BD4 = { isa = PBXBuildFile; fileRef = C01883A039685011F8A0D35A; };
  206B2C295AB7CC55852A9621 = { isa = PBXFileReference; lastKnownFileType = sourcecode.swift; path = EditorBottomBar.swift; sourceTree = "<group>"; };
  35E862BC705DD68B84AED0BD = { isa = PBXBuildFile; fileRef = 206B2C295AB7CC55852A9621; };
  1F822F16F9B5468D72251A1A = { isa = PBXBuildFile; fileRef = 206B2C295AB7CC55852A9621; };
  CB1C193131DA14721B8A4248 = { isa = PBXFileReference; lastKnownFileType = sourcecode.swift; path = EditorMoreMenu.swift; sourceTree = "<group>"; };
  5B14879E8BB158189F18092C = { isa = PBXBuildFile; fileRef = CB1C193131DA14721B8A4248; };
  8B6431A527B80188F69E01AB = { isa = PBXBuildFile; fileRef = CB1C193131DA14721B8A4248; };
  155CE2EA03732C18281B3450 = { isa = PBXFileReference; lastKnownFileType = sourcecode.swift; path = InterfaceMetrics.swift; sourceTree = "<group>"; };
  3DABD5D49D687CB79EA86DD7 = { isa = PBXBuildFile; fileRef = 155CE2EA03732C18281B3450; };
  70BBBE688A6BA2DB735F0618 = { isa = PBXBuildFile; fileRef = 155CE2EA03732C18281B3450; };
  6AA96E53E31F0CC7121B637E = { isa = PBXFileReference; lastKnownFileType = sourcecode.swift; path = LibraryNoticeOverlay.swift; sourceTree = "<group>"; };
  6D4B86634C6B3105249CD9E6 = { isa = PBXBuildFile; fileRef = 6AA96E53E31F0CC7121B637E; };
  5044F95BC86EC927DE79B8E9 = { isa = PBXFileReference; lastKnownFileType = sourcecode.swift; path = LibrarySurface.swift; sourceTree = "<group>"; };
  C8B0E95E8681CC591F937BB7 = { isa = PBXBuildFile; fileRef = 5044F95BC86EC927DE79B8E9; };
  D144F3E579E71CA777690855 = { isa = PBXFileReference; lastKnownFileType = sourcecode.swift; path = SettingsDisclosureLabel.swift; sourceTree = "<group>"; };
  88CBC29792279C5FD9359BFC = { isa = PBXBuildFile; fileRef = D144F3E579E71CA777690855; };
  7BF637FA363CA354E748224A = { isa = PBXFileReference; lastKnownFileType = sourcecode.swift; path = AppVersion.swift; sourceTree = "<group>"; };
  08A5808F795DB1F72CC99BF5 = { isa = PBXBuildFile; fileRef = 7BF637FA363CA354E748224A; };
  CA86D6995EE8566B09D6F15E = { isa = PBXFileReference; lastKnownFileType = sourcecode.swift; path = IconControlStyle.swift; sourceTree = "<group>"; };
  C08F58745C7D8EB129266EB6 = { isa = PBXBuildFile; fileRef = CA86D6995EE8566B09D6F15E; };
  989C197D959B35C618E5C41F = { isa = PBXBuildFile; fileRef = CA86D6995EE8566B09D6F15E; };
  AF4EFDCBA41A12E1AC8FF72A = { isa = PBXFileReference; lastKnownFileType = sourcecode.swift; path = EditorKeyboardAccessory.swift; sourceTree = "<group>"; };
  245D8D14B7AC668738252DF1 = { isa = PBXBuildFile; fileRef = AF4EFDCBA41A12E1AC8FF72A; };
  EB3BCD573434C9C553AF1C8A = { isa = PBXBuildFile; fileRef = AF4EFDCBA41A12E1AC8FF72A; };
  8EAB2453A34A7BE10689351E = { isa = PBXFileReference; lastKnownFileType = sourcecode.swift; path = KeyboardBrowseView.swift; sourceTree = "<group>"; };
  75292FFAA7B7D944906F50AC = { isa = PBXBuildFile; fileRef = 8EAB2453A34A7BE10689351E; };
  8B2D92D5A1BE32F61AC2BA6B = { isa = PBXFileReference; lastKnownFileType = sourcecode.swift; path = KeyboardControlStyle.swift; sourceTree = "<group>"; };
  3A889BD50DD82279A4A9463E = { isa = PBXBuildFile; fileRef = 8B2D92D5A1BE32F61AC2BA6B; };
  1DD77C03C18871F2FF178A2B = { isa = PBXFileReference; lastKnownFileType = sourcecode.swift; path = KeyboardControls.swift; sourceTree = "<group>"; };
  A5A908BC0E2E4A630395239C = { isa = PBXBuildFile; fileRef = 1DD77C03C18871F2FF178A2B; };
  D5A35F30AF2156EB30D0AD10 = { isa = PBXFileReference; lastKnownFileType = sourcecode.swift; path = KeyboardDetailActions.swift; sourceTree = "<group>"; };
  1758EE1EDF747D484EBEEF88 = { isa = PBXBuildFile; fileRef = D5A35F30AF2156EB30D0AD10; };
  730B369D5DDCB81AB3A6C682 = { isa = PBXFileReference; lastKnownFileType = sourcecode.swift; path = KeyboardDetailHeader.swift; sourceTree = "<group>"; };
  8031549A1A330E7014E7654B = { isa = PBXBuildFile; fileRef = 730B369D5DDCB81AB3A6C682; };
  DDC9DF285EC4E0FB7A1CB81C = { isa = PBXFileReference; lastKnownFileType = sourcecode.swift; path = KeyboardDetailView.swift; sourceTree = "<group>"; };
  B532022EE4AE04F1A79B4CEC = { isa = PBXBuildFile; fileRef = DDC9DF285EC4E0FB7A1CB81C; };
  1A348EACDBE7DA4A3296309B = { isa = PBXFileReference; lastKnownFileType = sourcecode.swift; path = KeyboardFilterBar.swift; sourceTree = "<group>"; };
  D8953D311981DC37B629EDDF = { isa = PBXBuildFile; fileRef = 1A348EACDBE7DA4A3296309B; };
  34E5B732FCF9A2EE991D7A54 = { isa = PBXFileReference; lastKnownFileType = sourcecode.swift; path = KeyboardFilterSegments.swift; sourceTree = "<group>"; };
  E9568CDCC361171A84195065 = { isa = PBXBuildFile; fileRef = 34E5B732FCF9A2EE991D7A54; };
  AD56942293670D2E2181155D = { isa = PBXFileReference; lastKnownFileType = sourcecode.swift; path = KeyboardInputModeButton.swift; sourceTree = "<group>"; };
  43B48232AB56A9200F5ACBD9 = { isa = PBXBuildFile; fileRef = AD56942293670D2E2181155D; };
  905F4385D47DE97D6D23F2C6 = { isa = PBXFileReference; lastKnownFileType = sourcecode.swift; path = KeyboardListContent.swift; sourceTree = "<group>"; };
  E15E61AE1EAA20361F256F1E = { isa = PBXBuildFile; fileRef = 905F4385D47DE97D6D23F2C6; };
  AA7C852B2004055A66D36156 = { isa = PBXFileReference; lastKnownFileType = sourcecode.swift; path = KeyboardPanelStyle.swift; sourceTree = "<group>"; };
  2CE77661D7DBD05B33E0A4F7 = { isa = PBXBuildFile; fileRef = AA7C852B2004055A66D36156; };
  7DC4916ED2118943413FFA7C = { isa = PBXFileReference; lastKnownFileType = sourcecode.swift; path = KeyboardRowContent.swift; sourceTree = "<group>"; };
  5A2F80D96C12024DC48D6103 = { isa = PBXBuildFile; fileRef = 7DC4916ED2118943413FFA7C; };
  07F8CBC1DCE39E8FD395980F = { isa = PBXFileReference; lastKnownFileType = sourcecode.swift; path = KeyboardRowStyle.swift; sourceTree = "<group>"; };
  DEBC7FC17A19F3E602DB9C43 = { isa = PBXBuildFile; fileRef = 07F8CBC1DCE39E8FD395980F; };
  F01C9CDFD3F50609BE235A32 = { isa = PBXFileReference; lastKnownFileType = sourcecode.swift; path = KeyboardSnippetRow.swift; sourceTree = "<group>"; };
  18D8D75F7A977B3B16FF4916 = { isa = PBXBuildFile; fileRef = F01C9CDFD3F50609BE235A32; };
  B679B9F86B612F4966B0A166 = { isa = PBXFileReference; lastKnownFileType = sourcecode.swift; path = KeyboardStatusMessage.swift; sourceTree = "<group>"; };
  5668F049D75E2CC725C32BD2 = { isa = PBXBuildFile; fileRef = B679B9F86B612F4966B0A166; };
  E0193A6F2CADD0EC442D87EF = { isa = PBXFileReference; lastKnownFileType = sourcecode.swift; path = KeyboardTaskOwner.swift; sourceTree = "<group>"; };
  CBF00088B0D4BA8662E3F793 = { isa = PBXBuildFile; fileRef = E0193A6F2CADD0EC442D87EF; };
  F5487ECB966B7B9E5044661B = { isa = PBXFileReference; lastKnownFileType = sourcecode.swift; path = ShareError.swift; sourceTree = "<group>"; };
  D6237E22ECE996FAABBAC149 = { isa = PBXBuildFile; fileRef = F5487ECB966B7B9E5044661B; };
  7D621EFA05F36853A0BD5D8F = { isa = PBXFileReference; lastKnownFileType = sourcecode.swift; path = ShareFailureMessage.swift; sourceTree = "<group>"; };
  412E475BF12E7DA4D59E1182 = { isa = PBXBuildFile; fileRef = 7D621EFA05F36853A0BD5D8F; };
  D5D875BB45FCF46104B7BC55 = { isa = PBXFileReference; lastKnownFileType = sourcecode.swift; path = SharedDraftLoader.swift; sourceTree = "<group>"; };
  81479A2D03395CC11D5DE4CA = { isa = PBXBuildFile; fileRef = D5D875BB45FCF46104B7BC55; };
  176D886DB2FBDE1E0B6A6720 = { isa = PBXFileReference; lastKnownFileType = sourcecode.swift; path = AboutSection.swift; sourceTree = "<group>"; };
  E753BB5E9B03A55080787EFB = { isa = PBXBuildFile; fileRef = 176D886DB2FBDE1E0B6A6720; };
  1C905B4BFA618568E1E1E688 = { isa = PBXFileReference; lastKnownFileType = sourcecode.swift; path = AboutURL.swift; sourceTree = "<group>"; };
  ADC4F111505AB1FFA93942D2 = { isa = PBXBuildFile; fileRef = 1C905B4BFA618568E1E1E688; };
  F73FECD2C066F39265227BAB = { isa = PBXFileReference; lastKnownFileType = sourcecode.swift; path = GuidePageStyle.swift; sourceTree = "<group>"; };
  B9F4F3218CC7E92CE0218D85 = { isa = PBXBuildFile; fileRef = F73FECD2C066F39265227BAB; };
  116E7AFFEC6EA17FE51166B5 = { isa = PBXFileReference; lastKnownFileType = sourcecode.swift; path = KeyboardGuideSection.swift; sourceTree = "<group>"; };
  9EEC368E6BF7A4B613A386FD = { isa = PBXBuildFile; fileRef = 116E7AFFEC6EA17FE51166B5; };
  67BB524C397469FE5D84D69E = { isa = PBXFileReference; lastKnownFileType = sourcecode.swift; path = SceneInterfaceDefaults.swift; sourceTree = "<group>"; };
  33E148D44B9AE323417A7B68 = { isa = PBXBuildFile; fileRef = 67BB524C397469FE5D84D69E; };
  DB3EEE6FCE1B46C49A2D323F = { isa = PBXFileReference; lastKnownFileType = sourcecode.swift; path = EditorFinishButton.swift; sourceTree = "<group>"; };
  E58E43E12E9A3AA18AEC08BA = { isa = PBXBuildFile; fileRef = DB3EEE6FCE1B46C49A2D323F; };
  FC5F395867B16F443DA53464 = { isa = PBXBuildFile; fileRef = DB3EEE6FCE1B46C49A2D323F; };
  8182E6D33AEF6F001AEB769D = { isa = PBXFileReference; lastKnownFileType = sourcecode.swift; path = AppTab.swift; sourceTree = "<group>"; };
  30F1FBFB69F4673FAD773145 = { isa = PBXBuildFile; fileRef = 8182E6D33AEF6F001AEB769D; };
  DFF4AD497AA313C7B2D794AF = { isa = PBXFileReference; lastKnownFileType = sourcecode.swift; path = RootScreenHeading.swift; sourceTree = "<group>"; };
  0BC9D25E02D0FAFCF5EB502F = { isa = PBXBuildFile; fileRef = DFF4AD497AA313C7B2D794AF; };
  84F4CE5A5CC2608BDC3E4C33 = { isa = PBXFileReference; lastKnownFileType = sourcecode.swift; path = CreateSnippetButton.swift; sourceTree = "<group>"; };
  1794D61BFC6DFC9EB7032EE0 = { isa = PBXBuildFile; fileRef = 84F4CE5A5CC2608BDC3E4C33; };
  AFD7CC804166BCD9A0060095 = { isa = PBXFileReference; lastKnownFileType = sourcecode.swift; path = DraftListRow.swift; sourceTree = "<group>"; };
  25854158CAFAD038E85C2BC0 = { isa = PBXBuildFile; fileRef = AFD7CC804166BCD9A0060095; };
  46EF1A592DBFD1160824A1E9 = { isa = PBXFileReference; lastKnownFileType = sourcecode.swift; path = DraftResumeRow.swift; sourceTree = "<group>"; };
  867CD6CBB43DCE2460EFF457 = { isa = PBXBuildFile; fileRef = 46EF1A592DBFD1160824A1E9; };
  D93F3B8B305A04CBA8D608B1 = { isa = PBXFileReference; lastKnownFileType = sourcecode.swift; path = LibraryEmptyState.swift; sourceTree = "<group>"; };
  4B40DD38C186D39AFD4C2BB3 = { isa = PBXBuildFile; fileRef = D93F3B8B305A04CBA8D608B1; };
  9E116F3C23AE1CE434B6C11D = { isa = PBXFileReference; lastKnownFileType = sourcecode.swift; path = LibraryFailureSection.swift; sourceTree = "<group>"; };
  9AA37E682AC35EEF4E1D77AB = { isa = PBXBuildFile; fileRef = 9E116F3C23AE1CE434B6C11D; };
  F5CE7373E8C26BE88BC072FD = { isa = PBXFileReference; lastKnownFileType = sourcecode.swift; path = LibraryList.swift; sourceTree = "<group>"; };
  1D793BF07304189C3613FEB4 = { isa = PBXBuildFile; fileRef = F5CE7373E8C26BE88BC072FD; };
  69618B753DA170DFFE18302E = { isa = PBXFileReference; lastKnownFileType = sourcecode.swift; path = LibraryListStyle.swift; sourceTree = "<group>"; };
  F8C6E032D882AC2974138A46 = { isa = PBXBuildFile; fileRef = 69618B753DA170DFFE18302E; };
  67B18C5EB284A813BBFFC5FF = { isa = PBXFileReference; lastKnownFileType = sourcecode.swift; path = LibraryLoadingRow.swift; sourceTree = "<group>"; };
  7FCBCCF1083462B70B6697FA = { isa = PBXBuildFile; fileRef = 67B18C5EB284A813BBFFC5FF; };
  9A41809B9844A438D52E9C55 = { isa = PBXFileReference; lastKnownFileType = sourcecode.swift; path = LibraryNoticeContent.swift; sourceTree = "<group>"; };
  566BB08F344B3F9A593ACA8D = { isa = PBXBuildFile; fileRef = 9A41809B9844A438D52E9C55; };
  4655F9A3EB31986DA04E29EE = { isa = PBXFileReference; lastKnownFileType = sourcecode.swift; path = LibraryResultFeedback.swift; sourceTree = "<group>"; };
  0675232966F32A32C31278D5 = { isa = PBXBuildFile; fileRef = 4655F9A3EB31986DA04E29EE; };
  DCA8D1BECCE59994FAE8B3C1 = { isa = PBXFileReference; lastKnownFileType = sourcecode.swift; path = LibrarySearchBar.swift; sourceTree = "<group>"; };
  6DEFB3960CC1515969A21002 = { isa = PBXBuildFile; fileRef = DCA8D1BECCE59994FAE8B3C1; };
  2867E79D1B50560F6D960B4B = { isa = PBXFileReference; lastKnownFileType = sourcecode.swift; path = LibrarySections.swift; sourceTree = "<group>"; };
  31DE69371E9BC61D39F15FE4 = { isa = PBXBuildFile; fileRef = 2867E79D1B50560F6D960B4B; };
  F9127664F52E03968ED91EB7 = { isa = PBXFileReference; lastKnownFileType = sourcecode.swift; path = LibrarySnippetRow.swift; sourceTree = "<group>"; };
  81BBC1C3DC97F135C05F43E3 = { isa = PBXBuildFile; fileRef = F9127664F52E03968ED91EB7; };
  C04B5EE0601BA48BFCA9C3AD = { isa = PBXFileReference; lastKnownFileType = sourcecode.swift; path = LibraryWindowNotice.swift; sourceTree = "<group>"; };
  A55905DE2F87948B38477175 = { isa = PBXBuildFile; fileRef = C04B5EE0601BA48BFCA9C3AD; };
  F87110C45D240CC60C481BDC = { isa = PBXFileReference; lastKnownFileType = sourcecode.swift; path = SnippetCopyButton.swift; sourceTree = "<group>"; };
  9B5F235D391A18DED8CAFF87 = { isa = PBXBuildFile; fileRef = F87110C45D240CC60C481BDC; };
  E2E2D5C0E0A4CE2573F279A2 = { isa = PBXFileReference; lastKnownFileType = sourcecode.swift; path = SnippetRowActions.swift; sourceTree = "<group>"; };
  2B1865871176346357F1A83E = { isa = PBXBuildFile; fileRef = E2E2D5C0E0A4CE2573F279A2; };
  94EC62E32F68AAABDAFE2F12 = { isa = PBXFileReference; lastKnownFileType = sourcecode.swift; path = SnippetRowMainContent.swift; sourceTree = "<group>"; };
  DDEC271751206135D84D8142 = { isa = PBXBuildFile; fileRef = 94EC62E32F68AAABDAFE2F12; };
  9242A5741D26C1D1598A2C08 = { isa = PBXFileReference; lastKnownFileType = sourcecode.swift; path = SnippetRowMenu.swift; sourceTree = "<group>"; };
  F7EB0199D627DB7F129DAF5A = { isa = PBXBuildFile; fileRef = 9242A5741D26C1D1598A2C08; };
  2C5B1B126B826C83C0BF7A52 = { isa = PBXFileReference; lastKnownFileType = sourcecode.swift; path = SettingsList.swift; sourceTree = "<group>"; };
  7C7F362686E3CAFFDC6EA0A7 = { isa = PBXBuildFile; fileRef = 2C5B1B126B826C83C0BF7A52; };
  EF33A44AE8D966D0F66C2AFD = { isa = PBXFileReference; lastKnownFileType = sourcecode.swift; path = EditorBodyField.swift; sourceTree = "<group>"; };
  F0A69D3B8341D9E594F37978 = { isa = PBXBuildFile; fileRef = EF33A44AE8D966D0F66C2AFD; };
  D7D2FF2AC1294DDB8295EB35 = { isa = PBXBuildFile; fileRef = EF33A44AE8D966D0F66C2AFD; };
  D7B1B51858DD9339C48A3387 = { isa = PBXFileReference; lastKnownFileType = sourcecode.swift; path = EditorExitGuidance.swift; sourceTree = "<group>"; };
  CB40622A08B0EA9DD8E02542 = { isa = PBXBuildFile; fileRef = D7B1B51858DD9339C48A3387; };
  CC9E87BE06774BC9A737B819 = { isa = PBXBuildFile; fileRef = D7B1B51858DD9339C48A3387; };
  A200FD76DD54EFB605BD0641 = { isa = PBXFileReference; lastKnownFileType = sourcecode.swift; path = EditorFailureView.swift; sourceTree = "<group>"; };
  82022A9E6736B206747B62CE = { isa = PBXBuildFile; fileRef = A200FD76DD54EFB605BD0641; };
  92426E52D7BA25CC46D0A50E = { isa = PBXBuildFile; fileRef = A200FD76DD54EFB605BD0641; };
  2C868B9D2E219C4C7737CCD9 = { isa = PBXFileReference; lastKnownFileType = sourcecode.swift; path = EditorField.swift; sourceTree = "<group>"; };
  DC83F31E9086A0708D6E4EA2 = { isa = PBXBuildFile; fileRef = 2C868B9D2E219C4C7737CCD9; };
  CC8A47FA1A9E4B9470CEFFFA = { isa = PBXBuildFile; fileRef = 2C868B9D2E219C4C7737CCD9; };
  7EAC573857201E1EAA700313 = { isa = PBXFileReference; lastKnownFileType = sourcecode.swift; path = EditorForm.swift; sourceTree = "<group>"; };
  E691C3CC02F1EA10A4C603AB = { isa = PBXBuildFile; fileRef = 7EAC573857201E1EAA700313; };
  3B5D177F2940185D01449532 = { isa = PBXBuildFile; fileRef = 7EAC573857201E1EAA700313; };
  CCE0CEEC33BF8331258AC999 = { isa = PBXFileReference; lastKnownFileType = sourcecode.swift; path = EditorHelpView.swift; sourceTree = "<group>"; };
  3F792406A5B5BBF752B7AD65 = { isa = PBXBuildFile; fileRef = CCE0CEEC33BF8331258AC999; };
  C69BB2BFB5655C8A56D5F039 = { isa = PBXBuildFile; fileRef = CCE0CEEC33BF8331258AC999; };
  F39265064804B727D25DE073 = { isa = PBXFileReference; lastKnownFileType = sourcecode.swift; path = EditorSharedContentHeader.swift; sourceTree = "<group>"; };
  056AD22CA8FE8C11E125E323 = { isa = PBXBuildFile; fileRef = F39265064804B727D25DE073; };
  DC666B05FEACF6874EDDBD84 = { isa = PBXBuildFile; fileRef = F39265064804B727D25DE073; };
  346BCB205494C37FC6BF7585 = { isa = PBXFileReference; lastKnownFileType = sourcecode.swift; path = EditorTaskOwner.swift; sourceTree = "<group>"; };
  51FBEDD057FAF9F81B2BC1EC = { isa = PBXBuildFile; fileRef = 346BCB205494C37FC6BF7585; };
  5D1AF8CF2AFCCE817CE083E3 = { isa = PBXBuildFile; fileRef = 346BCB205494C37FC6BF7585; };
  954A8B465E43F0B9FC89B052 = { isa = PBXFileReference; lastKnownFileType = sourcecode.swift; path = EditorTitleField.swift; sourceTree = "<group>"; };
  A0AFE04E49F91C7063547EEE = { isa = PBXBuildFile; fileRef = 954A8B465E43F0B9FC89B052; };
  BE42BDF31B9DCE604C24DB98 = { isa = PBXBuildFile; fileRef = 954A8B465E43F0B9FC89B052; };
  EFC170880614ECB7D6E090B4 = { isa = PBXFileReference; lastKnownFileType = sourcecode.swift; path = EditorToolbar.swift; sourceTree = "<group>"; };
  994AC1AB8145CD0DEDB1D0BA = { isa = PBXBuildFile; fileRef = EFC170880614ECB7D6E090B4; };
  C22799045D37891B5465FC50 = { isa = PBXBuildFile; fileRef = EFC170880614ECB7D6E090B4; };
  6C445518EE5349A24E2048DE = { isa = PBXFileReference; lastKnownFileType = sourcecode.swift; path = KeyboardContracts.swift; sourceTree = "<group>"; };
  C152748EC85D91BCDAA98023 = { isa = PBXBuildFile; fileRef = 6C445518EE5349A24E2048DE; };
  0176C6C7D240CA7C99CF887B = { isa = PBXBuildFile; fileRef = 6C445518EE5349A24E2048DE; };
  A222513C8CEE2393B07617D2 = { isa = PBXFileReference; lastKnownFileType = sourcecode.swift; path = StoreError.swift; sourceTree = "<group>"; };
  E8031F349EC5CCACBFBE1CFF = { isa = PBXBuildFile; fileRef = A222513C8CEE2393B07617D2; };
  B6060C25208080791E779F1B = { isa = PBXBuildFile; fileRef = A222513C8CEE2393B07617D2; };
  6B6826D0E46A5D817C80CA0C = { isa = PBXBuildFile; fileRef = A222513C8CEE2393B07617D2; };
  05AE48DC58D0E6414F6A0844 = { isa = PBXFileReference; lastKnownFileType = sourcecode.swift; path = SnippetText.swift; sourceTree = "<group>"; };
  B7532E90CB1E87CBA13E307B = { isa = PBXBuildFile; fileRef = 05AE48DC58D0E6414F6A0844; };
  5B2A91D476A9F66DFE5B2486 = { isa = PBXBuildFile; fileRef = 05AE48DC58D0E6414F6A0844; };
  E2EF3A08E9BD52ADCF562027 = { isa = PBXBuildFile; fileRef = 05AE48DC58D0E6414F6A0844; };
  30D4A1BD970197C2F6ED4371 = { isa = PBXFileReference; lastKnownFileType = sourcecode.swift; path = DeletedSnippetsView.swift; sourceTree = "<group>"; };
  FD6DE89D25C059FACC5B5451 = { isa = PBXBuildFile; fileRef = 30D4A1BD970197C2F6ED4371; };
  4EE7152870FE917C6C0BD8B1 = { isa = PBXFileReference; lastKnownFileType = sourcecode.swift; path = AppRoute.swift; sourceTree = "<group>"; };
  08FCC5A1DA9509A0F7990F69 = { isa = PBXBuildFile; fileRef = 4EE7152870FE917C6C0BD8B1; };
  F454A9033F934BFA2AFEF645 = { isa = PBXFileReference; lastKnownFileType = sourcecode.swift; path = ScreenHeading.swift; sourceTree = "<group>"; };
  D8260924CFC5F832BC51B66D = { isa = PBXBuildFile; fileRef = F454A9033F934BFA2AFEF645; };
  F3043CD4ABDE22E97BC72EC7 = { isa = PBXGroup; path = Library; children = (494A99CB5EAE60D3A8A35E5B, 1161CF79F16AC65C38548F37, 9242A5741D26C1D1598A2C08, 94EC62E32F68AAABDAFE2F12, E2E2D5C0E0A4CE2573F279A2, F87110C45D240CC60C481BDC, C04B5EE0601BA48BFCA9C3AD, F9127664F52E03968ED91EB7, 2867E79D1B50560F6D960B4B, DCA8D1BECCE59994FAE8B3C1, 4655F9A3EB31986DA04E29EE, 9A41809B9844A438D52E9C55, 67B18C5EB284A813BBFFC5FF, 69618B753DA170DFFE18302E, 6AA96E53E31F0CC7121B637E, F5CE7373E8C26BE88BC072FD, 9E116F3C23AE1CE434B6C11D, D93F3B8B305A04CBA8D608B1, 46EF1A592DBFD1160824A1E9, AFD7CC804166BCD9A0060095, 84F4CE5A5CC2608BDC3E4C33, 30D4A1BD970197C2F6ED4371, 000000000000000000000080, 000000000000000000000070, C00000000000000000000500, C00000000000000000000400, 000000000000000000000065, C00000000000000000000600, F26100000000000000000001); sourceTree = "<group>"; };
  3C15A279FA6DC8BFEBA62194 = { isa = PBXGroup; path = Navigation; children = (67BB524C397469FE5D84D69E, DFF4AD497AA313C7B2D794AF, 8182E6D33AEF6F001AEB769D, 4EE7152870FE917C6C0BD8B1, F454A9033F934BFA2AFEF645, 000000000000000000000009); sourceTree = "<group>"; };
  5A33F03791D3298FC4A5C03A = { isa = PBXGroup; path = Presentation; children = (F36000000000000000000001, A00000000000000000000004, F34000000000000000000001); sourceTree = "<group>"; };
  F643612FE3F962223FBCE5F5 = { isa = PBXGroup; path = Settings; children = (D144F3E579E71CA777690855, 7BF637FA363CA354E748224A, 116E7AFFEC6EA17FE51166B5, F73FECD2C066F39265227BAB, 1C905B4BFA618568E1E1E688, 176D886DB2FBDE1E0B6A6720, 2C5B1B126B826C83C0BF7A52, 000000000000000000000082, 000000000000000000000072, E0000000000000000000000B); sourceTree = "<group>"; };
  05D4DBAA3C16DD63F676ED09 = { isa = PBXGroup; path = Domain; children = (A222513C8CEE2393B07617D2, 05AE48DC58D0E6414F6A0844, 000000000000000000000001, 000000000000000000000067, ); sourceTree = "<group>"; };
  647930729CB26E3D434BC547 = { isa = PBXGroup; path = Editing; children = (0BF690771CE8F5E6F2A44BEE, 2565814389C5E30FEBC198CF, B511DC3708967E1721D6C21E, DB3EEE6FCE1B46C49A2D323F, EFC170880614ECB7D6E090B4, 206B2C295AB7CC55852A9621, CB1C193131DA14721B8A4248, 954A8B465E43F0B9FC89B052, 346BCB205494C37FC6BF7585, F39265064804B727D25DE073, CCE0CEEC33BF8331258AC999, 7EAC573857201E1EAA700313, 2C868B9D2E219C4C7737CCD9, A200FD76DD54EFB605BD0641, D7B1B51858DD9339C48A3387, AF4EFDCBA41A12E1AC8FF72A, EF33A44AE8D966D0F66C2AFD, 000000000000000000000004); sourceTree = "<group>"; };
  AA628CAB67A594F732746C09 = { isa = PBXGroup; path = Interface; children = (E2ADED0A864A99F45F5DDCED, 7472138D78EA6A0D8A444AF3, F743FD53DB64200999A904B5, 9DB58B0AB6D9D81BAC486E0B, CA86D6995EE8566B09D6F15E, 155CE2EA03732C18281B3450, 00000000000000000000006D, B00000000000000000000001); sourceTree = "<group>"; };
  44D7196D7EE9B52A1CFAB802 = { isa = PBXGroup; path = Persistence; children = (E00000000000000000000007, C00000000000000000000000, C00000000000000000000100, E00000000000000000000001, 00000000000000000000F110, 00000000000000000000F120, 000000000000000000000002, E00000000000000000000004); sourceTree = "<group>"; };
  4096081C9691C873CF6EB954 = { isa = PBXGroup; path = Resources; children = (00000000000000000000005C); sourceTree = "<group>"; };
  F37000000000000000000001 = { isa = PBXFileReference; lastKnownFileType = sourcecode.swift; path = RivePlaybackLog.swift; sourceTree = "<group>"; };
  F37000000000000000000002 = { isa = PBXGroup; path = TestSupport; children = (73E5D79C5E4606829424043C, F37000000000000000000001); sourceTree = "<group>"; };
  F37000000000000000000003 = { isa = PBXBuildFile; fileRef = F37000000000000000000001; };
  F37000000000000000000004 = { isa = PBXBuildFile; fileRef = F37000000000000000000001; };
  F37000000000000000000005 = { isa = PBXFileReference; lastKnownFileType = sourcecode.swift; path = RivePlaybackMeasurements.swift; sourceTree = "<group>"; };
  F37000000000000000000006 = { isa = PBXGroup; path = NibblePerformanceTests; children = (F37000000000000000000005); sourceTree = "<group>"; };
  F37000000000000000000007 = { isa = PBXBuildFile; fileRef = F37000000000000000000005; };
  F37000000000000000000008 = { isa = PBXFileReference; explicitFileType = wrapper.cfbundle; includeInIndex = 0; path = NibblePerformanceTests.xctest; sourceTree = BUILT_PRODUCTS_DIR; };
  F3700000000000000000000A = { isa = XCBuildConfiguration; name = Debug; buildSettings = { GENERATE_INFOPLIST_FILE = "YES"; PRODUCT_NAME = "$(TARGET_NAME)"; PRODUCT_BUNDLE_IDENTIFIER = "nibble.9uiLe.com.performance"; MARKETING_VERSION = "0.1.0"; CURRENT_PROJECT_VERSION = "1"; BUNDLE_LOADER = "$(TEST_HOST)"; TEST_HOST = "$(BUILT_PRODUCTS_DIR)/Nibble.app/$(BUNDLE_EXECUTABLE_FOLDER_PATH)/Nibble"; }; };
  F3700000000000000000000B = { isa = XCBuildConfiguration; name = Release; buildSettings = { GENERATE_INFOPLIST_FILE = "YES"; PRODUCT_NAME = "$(TARGET_NAME)"; PRODUCT_BUNDLE_IDENTIFIER = "nibble.9uiLe.com.performance"; MARKETING_VERSION = "0.1.0"; CURRENT_PROJECT_VERSION = "1"; BUNDLE_LOADER = "$(TEST_HOST)"; TEST_HOST = "$(BUILT_PRODUCTS_DIR)/Nibble.app/$(BUNDLE_EXECUTABLE_FOLDER_PATH)/Nibble"; }; };
  F3700000000000000000000C = { isa = XCConfigurationList; buildConfigurations = (F3700000000000000000000A, F3700000000000000000000B); defaultConfigurationIsVisible = 0; defaultConfigurationName = Release; };
  F3700000000000000000000D = { isa = PBXSourcesBuildPhase; buildActionMask = 2147483647; files = (4BEC3B2C92131AC063FCA504, F37000000000000000000004, F37000000000000000000007); runOnlyForDeploymentPostprocessing = 0; };
  F3700000000000000000000E = { isa = PBXFrameworksBuildPhase; buildActionMask = 2147483647; files = (F37000000000000000000014); runOnlyForDeploymentPostprocessing = 0; };
  F3700000000000000000000F = { isa = PBXResourcesBuildPhase; buildActionMask = 2147483647; files = (); runOnlyForDeploymentPostprocessing = 0; };
  F37000000000000000000010 = { isa = PBXNativeTarget; buildConfigurationList = F3700000000000000000000C; buildPhases = (F3700000000000000000000D, F3700000000000000000000E, F3700000000000000000000F); buildRules = (); dependencies = (F37000000000000000000011); name = NibblePerformanceTests; productName = NibblePerformanceTests; productReference = F37000000000000000000008; productType = "com.apple.product-type.bundle.unit-test"; packageProductDependencies = (F37000000000000000000013); };
  F37000000000000000000011 = { isa = PBXTargetDependency; target = 00000000000000000000002E; targetProxy = F37000000000000000000012; };
  F37000000000000000000012 = { isa = PBXContainerItemProxy; containerPortal = 000000000000000000000044; proxyType = 1; remoteGlobalIDString = 00000000000000000000002E; remoteInfo = Nibble; };
  F37000000000000000000013 = { isa = XCSwiftPackageProductDependency; productName = RivePresentation; };
  F37000000000000000000014 = { isa = PBXBuildFile; productRef = F37000000000000000000013; };
  F36000000000000000000001 = { isa = PBXFileReference; lastKnownFileType = sourcecode.swift; path = "IllustrationPlayback.swift"; sourceTree = "<group>"; };
  F36000000000000000000002 = { isa = PBXBuildFile; fileRef = F36000000000000000000001; };
  F34000000000000000000001 = { isa = PBXFileReference; lastKnownFileType = sourcecode.swift; path = "KeyboardIllustration.swift"; sourceTree = "<group>"; };
  F34000000000000000000002 = { isa = PBXBuildFile; fileRef = F34000000000000000000001; };
  F34000000000000000000003 = { isa = PBXFileReference; lastKnownFileType = file; path = "Animations/keyboard-story.riv"; sourceTree = "<group>"; };
  F34000000000000000000004 = { isa = PBXBuildFile; fileRef = F34000000000000000000003; };
  F26000000000000000000001 = { isa = PBXFileReference; lastKnownFileType = sourcecode.swift; path = NoticeTests.swift; sourceTree = "<group>"; };
  F26000000000000000000002 = { isa = PBXBuildFile; fileRef = F26000000000000000000001; };
  00000000000000000000F100 = { isa = PBXFileReference; lastKnownFileType = sourcecode.swift; path = "StorageContracts.swift"; sourceTree = "<group>"; };
  00000000000000000000F101 = { isa = PBXBuildFile; fileRef = 00000000000000000000F100; };
  00000000000000000000F102 = { isa = PBXBuildFile; fileRef = 00000000000000000000F100; };
  00000000000000000000F110 = { isa = PBXFileReference; lastKnownFileType = sourcecode.swift; path = "DraftQueries.swift"; sourceTree = "<group>"; };
  00000000000000000000F111 = { isa = PBXBuildFile; fileRef = 00000000000000000000F110; };
  00000000000000000000F112 = { isa = PBXBuildFile; fileRef = 00000000000000000000F110; };
  00000000000000000000F120 = { isa = PBXFileReference; lastKnownFileType = sourcecode.swift; path = "SnippetCommands.swift"; sourceTree = "<group>"; };
  00000000000000000000F121 = { isa = PBXBuildFile; fileRef = 00000000000000000000F120; };
  00000000000000000000F122 = { isa = PBXBuildFile; fileRef = 00000000000000000000F120; };
  E00000000000000000000030 = { isa = PBXFileReference; lastKnownFileType = sourcecode.swift; path = KeyboardTests.swift; sourceTree = "<group>"; };
  E00000000000000000000031 = { isa = PBXBuildFile; fileRef = E00000000000000000000030; };
  E00000000000000000000001 = { isa = PBXFileReference; lastKnownFileType = sourcecode.swift; path = "SnippetQueries.swift"; sourceTree = "<group>"; };
  E00000000000000000000002 = { isa = PBXBuildFile; fileRef = E00000000000000000000001; };
  E00000000000000000000003 = { isa = PBXBuildFile; fileRef = E00000000000000000000001; };
  E00000000000000000000004 = { isa = PBXFileReference; lastKnownFileType = sourcecode.swift; path = "SnippetLocation.swift"; sourceTree = "<group>"; };
  E00000000000000000000005 = { isa = PBXBuildFile; fileRef = E00000000000000000000004; };
  E00000000000000000000006 = { isa = PBXBuildFile; fileRef = E00000000000000000000004; };
  E00000000000000000000007 = { isa = PBXFileReference; lastKnownFileType = sourcecode.swift; path = "KeyboardReader.swift"; sourceTree = "<group>"; };
  E00000000000000000000008 = { isa = PBXBuildFile; fileRef = E00000000000000000000007; };
  E00000000000000000000009 = { isa = PBXFileReference; lastKnownFileType = sourcecode.swift; path = "KeyboardModel.swift"; sourceTree = "<group>"; };
  E0000000000000000000000A = { isa = PBXBuildFile; fileRef = E00000000000000000000009; };
  E0000000000000000000000B = { isa = PBXFileReference; lastKnownFileType = sourcecode.swift; path = "KeyboardGuideView.swift"; sourceTree = "<group>"; };
  E0000000000000000000000C = { isa = PBXBuildFile; fileRef = E0000000000000000000000B; };
  E0000000000000000000000D = { isa = PBXFileReference; lastKnownFileType = sourcecode.swift; path = KeyboardViewController.swift; sourceTree = "<group>"; };
  E0000000000000000000000E = { isa = PBXBuildFile; fileRef = E0000000000000000000000D; };
  E0000000000000000000000F = { isa = PBXFileReference; lastKnownFileType = sourcecode.swift; path = KeyboardView.swift; sourceTree = "<group>"; };
  E00000000000000000000010 = { isa = PBXBuildFile; fileRef = E0000000000000000000000F; };
  E00000000000000000000011 = { isa = PBXFileReference; lastKnownFileType = text.plist.xml; path = Info.plist; sourceTree = "<group>"; };
  E00000000000000000000012 = { isa = PBXFileReference; lastKnownFileType = text.plist.xml; path = NibbleKeyboard.entitlements; sourceTree = "<group>"; };
  E00000000000000000000013 = { isa = PBXFileReference; lastKnownFileType = text.plist.xml; path = PrivacyInfo.xcprivacy; sourceTree = "<group>"; };
  E00000000000000000000014 = { isa = PBXBuildFile; fileRef = E00000000000000000000013; };
  E00000000000000000000015 = { isa = PBXGroup; path = NibbleKeyboard; children = (E0193A6F2CADD0EC442D87EF, B679B9F86B612F4966B0A166, F01C9CDFD3F50609BE235A32, 07F8CBC1DCE39E8FD395980F, 7DC4916ED2118943413FFA7C, AA7C852B2004055A66D36156, 905F4385D47DE97D6D23F2C6, AD56942293670D2E2181155D, 34E5B732FCF9A2EE991D7A54, 1A348EACDBE7DA4A3296309B, DDC9DF285EC4E0FB7A1CB81C, 730B369D5DDCB81AB3A6C682, D5A35F30AF2156EB30D0AD10, 1DD77C03C18871F2FF178A2B, 8B2D92D5A1BE32F61AC2BA6B, 8EAB2453A34A7BE10689351E, E0000000000000000000000D, E0000000000000000000000F, E00000000000000000000011, E00000000000000000000012, E00000000000000000000013); sourceTree = "<group>"; };
  E00000000000000000000016 = { isa = PBXBuildFile; fileRef = E00000000000000000000001; };
  E00000000000000000000017 = { isa = PBXBuildFile; fileRef = E00000000000000000000004; };
  E00000000000000000000018 = { isa = PBXBuildFile; fileRef = E00000000000000000000007; };
  E00000000000000000000019 = { isa = PBXBuildFile; fileRef = E00000000000000000000009; };
  E0000000000000000000001A = { isa = PBXBuildFile; fileRef = 000000000000000000000001; };
  E0000000000000000000001B = { isa = PBXBuildFile; fileRef = C00000000000000000000000; };
  E0000000000000000000001C = { isa = PBXBuildFile; fileRef = 00000000000000000000006D; };
  E0000000000000000000001D = { isa = PBXBuildFile; fileRef = B00000000000000000000001; };
  E0000000000000000000001E = { isa = PBXBuildFile; fileRef = 00000000000000000000005C; };
  E0000000000000000000001F = { isa = PBXSourcesBuildPhase; buildActionMask = 2147483647; files = (520F2AEC7C788F813779766E, 3E6F70D172F30AA0621260A9, B9F14CED5BAA97B5195BC643, 5EE5D27F4058F595A7E2CAF7, 5E90FEBF58270801046826F5, 4576EA7CDF93C5CC7513E622, 14BBF0AA3710B0FD60711ED9, CBF00088B0D4BA8662E3F793, 5668F049D75E2CC725C32BD2, 18D8D75F7A977B3B16FF4916, DEBC7FC17A19F3E602DB9C43, 5A2F80D96C12024DC48D6103, 2CE77661D7DBD05B33E0A4F7, E15E61AE1EAA20361F256F1E, 43B48232AB56A9200F5ACBD9, E9568CDCC361171A84195065, D8953D311981DC37B629EDDF, B532022EE4AE04F1A79B4CEC, 8031549A1A330E7014E7654B, 1758EE1EDF747D484EBEEF88, A5A908BC0E2E4A630395239C, 3A889BD50DD82279A4A9463E, 75292FFAA7B7D944906F50AC, 0176C6C7D240CA7C99CF887B, 6B6826D0E46A5D817C80CA0C, E2EF3A08E9BD52ADCF562027, E0000000000000000000000E, E00000000000000000000010, E00000000000000000000016, E00000000000000000000017, E00000000000000000000018, E00000000000000000000019, C1E689ABC5AB2063ADB681F3, E0000000000000000000001A, E0000000000000000000001B, E0000000000000000000001C, E0000000000000000000001D); runOnlyForDeploymentPostprocessing = 0; };
  E00000000000000000000020 = { isa = XCSwiftPackageProductDependency; package = 000000000000000000000050; productName = Tasking; };
  E00000000000000000000021 = { isa = PBXBuildFile; productRef = E00000000000000000000020; };
  E00000000000000000000022 = { isa = XCSwiftPackageProductDependency; package = 000000000000000000000060; productName = AppMacros; };
  E00000000000000000000023 = { isa = PBXBuildFile; productRef = E00000000000000000000022; };
  E00000000000000000000024 = { isa = PBXFrameworksBuildPhase; buildActionMask = 2147483647; files = (E00000000000000000000021, E00000000000000000000023); runOnlyForDeploymentPostprocessing = 0; };
  E00000000000000000000025 = { isa = PBXResourcesBuildPhase; buildActionMask = 2147483647; files = (E00000000000000000000014, E0000000000000000000001E); runOnlyForDeploymentPostprocessing = 0; };
  E00000000000000000000026 = { isa = XCBuildConfiguration; name = Debug; buildSettings = { GENERATE_INFOPLIST_FILE = "YES"; PRODUCT_NAME = "$(TARGET_NAME)"; PRODUCT_BUNDLE_IDENTIFIER = "nibble.9uiLe.com.keyboard"; LD_RUNPATH_SEARCH_PATHS = "$(inherited) @executable_path/Frameworks @executable_path/../../Frameworks"; MARKETING_VERSION = "0.1.0"; CURRENT_PROJECT_VERSION = "1"; INFOPLIST_FILE = "NibbleKeyboard/Info.plist"; CODE_SIGN_ENTITLEMENTS = "NibbleKeyboard/NibbleKeyboard.entitlements"; APPLICATION_EXTENSION_API_ONLY = "YES"; SKIP_INSTALL = "YES"; }; };
  E00000000000000000000027 = { isa = XCBuildConfiguration; name = Release; buildSettings = { GENERATE_INFOPLIST_FILE = "YES"; PRODUCT_NAME = "$(TARGET_NAME)"; PRODUCT_BUNDLE_IDENTIFIER = "nibble.9uiLe.com.keyboard"; LD_RUNPATH_SEARCH_PATHS = "$(inherited) @executable_path/Frameworks @executable_path/../../Frameworks"; MARKETING_VERSION = "0.1.0"; CURRENT_PROJECT_VERSION = "1"; INFOPLIST_FILE = "NibbleKeyboard/Info.plist"; CODE_SIGN_ENTITLEMENTS = "NibbleKeyboard/NibbleKeyboard.entitlements"; APPLICATION_EXTENSION_API_ONLY = "YES"; SKIP_INSTALL = "YES"; }; };
  E00000000000000000000028 = { isa = XCConfigurationList; buildConfigurations = (E00000000000000000000026, E00000000000000000000027); defaultConfigurationIsVisible = 0; defaultConfigurationName = Release; };
  E00000000000000000000029 = { isa = PBXFileReference; explicitFileType = wrapper.app-extension; includeInIndex = 0; path = NibbleKeyboard.appex; sourceTree = BUILT_PRODUCTS_DIR; };
  E0000000000000000000002A = { isa = PBXNativeTarget; buildConfigurationList = E00000000000000000000028; buildPhases = (E0000000000000000000001F, E00000000000000000000024, E00000000000000000000025); buildRules = (); dependencies = (); name = NibbleKeyboard; productName = NibbleKeyboard; productReference = E00000000000000000000029; productType = "com.apple.product-type.app-extension"; packageProductDependencies = (E00000000000000000000020, E00000000000000000000022); };
  E0000000000000000000002B = { isa = PBXContainerItemProxy; containerPortal = 000000000000000000000044; proxyType = 1; remoteGlobalIDString = E0000000000000000000002A; remoteInfo = NibbleKeyboard; };
  E0000000000000000000002C = { isa = PBXTargetDependency; target = E0000000000000000000002A; targetProxy = E0000000000000000000002B; };
  E0000000000000000000002D = { isa = PBXBuildFile; fileRef = E00000000000000000000029; settings = { ATTRIBUTES = (RemoveHeadersOnCopy); }; };
  D00000000000000000000001 = { isa = XCSwiftPackageProductDependency; package = 000000000000000000000060; productName = AppMacros; };
  D00000000000000000000002 = { isa = PBXBuildFile; productRef = D00000000000000000000001; };
  C00000000000000000000000 = { isa = PBXFileReference; lastKnownFileType = sourcecode.swift; path = "SQLiteDatabase.swift"; sourceTree = "<group>"; };
  C00000000000000000000001 = { isa = PBXBuildFile; fileRef = C00000000000000000000000; };
  C00000000000000000000002 = { isa = PBXBuildFile; fileRef = C00000000000000000000000; };
  C00000000000000000000100 = { isa = PBXFileReference; lastKnownFileType = sourcecode.swift; path = "SnippetSchema.swift"; sourceTree = "<group>"; };
  C00000000000000000000101 = { isa = PBXBuildFile; fileRef = C00000000000000000000100; };
  C00000000000000000000102 = { isa = PBXBuildFile; fileRef = C00000000000000000000100; };
  C00000000000000000000300 = { isa = PBXFileReference; lastKnownFileType = sourcecode.swift; path = "LibraryEffects.swift"; sourceTree = "<group>"; };
  C00000000000000000000301 = { isa = PBXBuildFile; fileRef = C00000000000000000000300; };
  C00000000000000000000400 = { isa = PBXFileReference; lastKnownFileType = sourcecode.swift; path = "SnippetRow.swift"; sourceTree = "<group>"; };
  C00000000000000000000401 = { isa = PBXBuildFile; fileRef = C00000000000000000000400; };
  C00000000000000000000500 = { isa = PBXFileReference; lastKnownFileType = sourcecode.swift; path = "LibraryFilterBar.swift"; sourceTree = "<group>"; };
  C00000000000000000000501 = { isa = PBXBuildFile; fileRef = C00000000000000000000500; };
  F26100000000000000000001 = { isa = PBXFileReference; lastKnownFileType = sourcecode.swift; path = "LibraryNoticeWindow.swift"; sourceTree = "<group>"; };
  F26100000000000000000002 = { isa = PBXBuildFile; fileRef = F26100000000000000000001; };
  F26100000000000000000003 = { isa = PBXFileReference; lastKnownFileType = sourcecode.swift; path = NoticeWindowTests.swift; sourceTree = "<group>"; };
  F26100000000000000000004 = { isa = PBXBuildFile; fileRef = F26100000000000000000003; };
  C00000000000000000000600 = { isa = PBXFileReference; lastKnownFileType = sourcecode.swift; path = "LibraryNotice.swift"; sourceTree = "<group>"; };
  C00000000000000000000601 = { isa = PBXBuildFile; fileRef = C00000000000000000000600; };
  C00000000000000000000700 = { isa = PBXFileReference; lastKnownFileType = sourcecode.swift; path = PersistenceBoundaryTests.swift; sourceTree = "<group>"; };
  C00000000000000000000701 = { isa = PBXBuildFile; fileRef = C00000000000000000000700; };
  B00000000000000000000001 = { isa = PBXFileReference; lastKnownFileType = sourcecode.swift; path = "NibbleInterface.swift"; sourceTree = "<group>"; };
  B00000000000000000000002 = { isa = PBXBuildFile; fileRef = B00000000000000000000001; };
  B00000000000000000000003 = { isa = PBXBuildFile; fileRef = B00000000000000000000001; };
  A0000000000000000000000A = { isa = PBXFileReference; lastKnownFileType = sourcecode.swift; path = RivePresentationTests.swift; sourceTree = "<group>"; };
  A0000000000000000000000B = { isa = PBXBuildFile; fileRef = A0000000000000000000000A; };

  A00000000000000000000001 = { isa = XCLocalSwiftPackageReference; relativePath = Packages/RivePresentation; };
  A00000000000000000000002 = { isa = XCSwiftPackageProductDependency; productName = RivePresentation; };
  A00000000000000000000003 = { isa = PBXBuildFile; productRef = A00000000000000000000002; };
  A00000000000000000000004 = { isa = PBXFileReference; lastKnownFileType = sourcecode.swift; path = "AboutIllustration.swift"; sourceTree = "<group>"; };
  A00000000000000000000005 = { isa = PBXBuildFile; fileRef = A00000000000000000000004; };
  A00000000000000000000006 = { isa = PBXFileReference; lastKnownFileType = file; path = "Animations/about-story.riv"; sourceTree = "<group>"; };
  A00000000000000000000007 = { isa = PBXBuildFile; fileRef = A00000000000000000000006; };
  A00000000000000000000008 = { isa = XCSwiftPackageProductDependency; productName = RivePresentation; };
  A00000000000000000000009 = { isa = PBXBuildFile; productRef = A00000000000000000000008; };

  000000000000000000000082 = { isa = PBXFileReference; lastKnownFileType = sourcecode.swift; path = "SettingsView.swift"; sourceTree = "<group>"; };
  000000000000000000000083 = { isa = PBXBuildFile; fileRef = 000000000000000000000082; };
  000000000000000000000080 = { isa = PBXFileReference; lastKnownFileType = sourcecode.swift; path = "LibraryScreen.swift"; sourceTree = "<group>"; };
  000000000000000000000081 = { isa = PBXBuildFile; fileRef = 000000000000000000000080; };
  000000000000000000000001 = { isa = PBXFileReference; lastKnownFileType = sourcecode.swift; path = "Snippet.swift"; sourceTree = "<group>"; };
  000000000000000000000002 = { isa = PBXFileReference; lastKnownFileType = sourcecode.swift; path = "SnippetStore.swift"; sourceTree = "<group>"; };
  000000000000000000000003 = { isa = PBXFileReference; lastKnownFileType = sourcecode.swift; path = "EditorModel.swift"; sourceTree = "<group>"; };
  000000000000000000000004 = { isa = PBXFileReference; lastKnownFileType = sourcecode.swift; path = "SnippetEditor.swift"; sourceTree = "<group>"; };
  000000000000000000000005 = { isa = PBXGroup; path = Shared; children = (05D4DBAA3C16DD63F676ED09, 647930729CB26E3D434BC547, AA628CAB67A594F732746C09, 8604E8F0A33A2B900A69F0DE, 44D7196D7EE9B52A1CFAB802, 4096081C9691C873CF6EB954); sourceTree = "<group>"; };
  000000000000000000000006 = { isa = PBXFileReference; lastKnownFileType = sourcecode.swift; path = "NibbleApp.swift"; sourceTree = "<group>"; };
  000000000000000000000008 = { isa = PBXFileReference; lastKnownFileType = sourcecode.swift; path = "LibraryModel.swift"; sourceTree = "<group>"; };
  000000000000000000000009 = { isa = PBXFileReference; lastKnownFileType = sourcecode.swift; path = "AppRootView.swift"; sourceTree = "<group>"; };
  00000000000000000000000A = { isa = PBXFileReference; lastKnownFileType = text.plist.xml; path = "Info.plist"; sourceTree = "<group>"; };
  00000000000000000000000B = { isa = PBXFileReference; lastKnownFileType = text.plist.xml; path = "Nibble.entitlements"; sourceTree = "<group>"; };
  00000000000000000000000C = { isa = PBXFileReference; lastKnownFileType = text.plist.xml; path = "PrivacyInfo.xcprivacy"; sourceTree = "<group>"; };
  00000000000000000000000D = { isa = PBXFileReference; lastKnownFileType = folder.assetcatalog; path = "Assets.xcassets"; sourceTree = "<group>"; };
  00000000000000000000000E = { isa = PBXGroup; path = Nibble; children = (F34000000000000000000003, A00000000000000000000006, 000000000000000000000006, 00000000000000000000000A, 00000000000000000000000B, 00000000000000000000000C, 00000000000000000000000D, F3043CD4ABDE22E97BC72EC7, 3C15A279FA6DC8BFEBA62194, 5A33F03791D3298FC4A5C03A, F643612FE3F962223FBCE5F5); sourceTree = "<group>"; };
  00000000000000000000000F = { isa = PBXFileReference; lastKnownFileType = sourcecode.swift; path = "ShareViewController.swift"; sourceTree = "<group>"; };
  000000000000000000000010 = { isa = PBXFileReference; lastKnownFileType = text.plist.xml; path = "Info.plist"; sourceTree = "<group>"; };
  000000000000000000000011 = { isa = PBXFileReference; lastKnownFileType = text.plist.xml; path = "NibbleShare.entitlements"; sourceTree = "<group>"; };
  000000000000000000000012 = { isa = PBXFileReference; lastKnownFileType = text.plist.xml; path = "PrivacyInfo.xcprivacy"; sourceTree = "<group>"; };
  000000000000000000000013 = { isa = PBXGroup; path = NibbleShare; children = (D5D875BB45FCF46104B7BC55, 7D621EFA05F36853A0BD5D8F, F5487ECB966B7B9E5044661B, 00000000000000000000000F, 000000000000000000000010, 000000000000000000000011, 000000000000000000000012); sourceTree = "<group>"; };
  000000000000000000000014 = { isa = PBXFileReference; lastKnownFileType = sourcecode.swift; path = "SnippetStoreTests.swift"; sourceTree = "<group>"; };
  F25000000000000000000001 = { isa = PBXFileReference; lastKnownFileType = sourcecode.swift; path = "SnippetUsageTests.swift"; sourceTree = "<group>"; };
  F25000000000000000000002 = { isa = PBXBuildFile; fileRef = F25000000000000000000001; };
  000000000000000000000015 = { isa = PBXGroup; path = NibbleTests; children = (16FA91BF93C9A45EB6C19942, F26100000000000000000003, F26000000000000000000001, F25000000000000000000001, E00000000000000000000030, C00000000000000000000700, A0000000000000000000000A, 00000000000000000000007E, 00000000000000000000007C, 00000000000000000000007A, 000000000000000000000078, 000000000000000000000076, 000000000000000000000074, 000000000000000000000014); sourceTree = "<group>"; };
  000000000000000000000016 = { isa = PBXFileReference; explicitFileType = wrapper.application; includeInIndex = 0; path = Nibble.app; sourceTree = BUILT_PRODUCTS_DIR; };
  000000000000000000000017 = { isa = PBXFileReference; explicitFileType = wrapper.app-extension; includeInIndex = 0; path = NibbleShare.appex; sourceTree = BUILT_PRODUCTS_DIR; };
  000000000000000000000018 = { isa = PBXFileReference; explicitFileType = wrapper.cfbundle; includeInIndex = 0; path = NibbleTests.xctest; sourceTree = BUILT_PRODUCTS_DIR; };
  000000000000000000000019 = { isa = PBXGroup; name = Products; children = (F37000000000000000000008, 000000000000000000000016, 000000000000000000000017, 000000000000000000000018, E00000000000000000000029); sourceTree = "<group>"; };
  00000000000000000000001A = { isa = PBXGroup; children = (F37000000000000000000002, F37000000000000000000006, 000000000000000000000005, 00000000000000000000000E, 000000000000000000000013, 000000000000000000000015, 000000000000000000000019, E00000000000000000000015); sourceTree = "<group>"; };
  00000000000000000000001B = { isa = XCBuildConfiguration; name = Debug; buildSettings = { IPHONEOS_DEPLOYMENT_TARGET = "26.0"; SDKROOT = "iphoneos"; SWIFT_VERSION = "6.0"; SWIFT_STRICT_CONCURRENCY = "complete"; SWIFT_DEFAULT_ACTOR_ISOLATION = "nonisolated"; CLANG_ENABLE_MODULES = "YES"; CODE_SIGN_STYLE = "Automatic"; TARGETED_DEVICE_FAMILY = "1"; ENABLE_USER_SCRIPT_SANDBOXING = "YES"; DEBUG_INFORMATION_FORMAT = "dwarf"; ENABLE_TESTABILITY = "YES"; SWIFT_OPTIMIZATION_LEVEL = "-Onone"; SWIFT_ACTIVE_COMPILATION_CONDITIONS = "DEBUG"; ONLY_ACTIVE_ARCH = "YES"; }; };
  00000000000000000000001C = { isa = XCBuildConfiguration; name = Release; buildSettings = { IPHONEOS_DEPLOYMENT_TARGET = "26.0"; SDKROOT = "iphoneos"; SWIFT_VERSION = "6.0"; SWIFT_STRICT_CONCURRENCY = "complete"; SWIFT_DEFAULT_ACTOR_ISOLATION = "nonisolated"; CLANG_ENABLE_MODULES = "YES"; CODE_SIGN_STYLE = "Automatic"; TARGETED_DEVICE_FAMILY = "1"; ENABLE_USER_SCRIPT_SANDBOXING = "YES"; DEBUG_INFORMATION_FORMAT = "dwarf-with-dsym"; ENABLE_TESTABILITY = "NO"; SWIFT_OPTIMIZATION_LEVEL = "-Osize"; SWIFT_COMPILATION_MODE = "wholemodule"; }; };
  00000000000000000000001D = { isa = XCConfigurationList; buildConfigurations = (00000000000000000000001B, 00000000000000000000001C); defaultConfigurationIsVisible = 0; defaultConfigurationName = Release; };
  00000000000000000000001E = { isa = XCBuildConfiguration; name = Debug; buildSettings = { GENERATE_INFOPLIST_FILE = "YES"; PRODUCT_NAME = "$(TARGET_NAME)"; PRODUCT_BUNDLE_IDENTIFIER = "nibble.9uiLe.com"; LD_RUNPATH_SEARCH_PATHS = "$(inherited) @executable_path/Frameworks"; MARKETING_VERSION = "0.1.0"; CURRENT_PROJECT_VERSION = "1"; INFOPLIST_FILE = "Nibble/Info.plist"; CODE_SIGN_ENTITLEMENTS = "Nibble/Nibble.entitlements"; ASSETCATALOG_COMPILER_APPICON_NAME = "AppIcon"; ASSETCATALOG_COMPILER_GLOBAL_ACCENT_COLOR_NAME = "AccentColor"; }; };
  00000000000000000000001F = { isa = XCBuildConfiguration; name = Release; buildSettings = { GENERATE_INFOPLIST_FILE = "YES"; PRODUCT_NAME = "$(TARGET_NAME)"; PRODUCT_BUNDLE_IDENTIFIER = "nibble.9uiLe.com"; LD_RUNPATH_SEARCH_PATHS = "$(inherited) @executable_path/Frameworks"; MARKETING_VERSION = "0.1.0"; CURRENT_PROJECT_VERSION = "1"; INFOPLIST_FILE = "Nibble/Info.plist"; CODE_SIGN_ENTITLEMENTS = "Nibble/Nibble.entitlements"; ASSETCATALOG_COMPILER_APPICON_NAME = "AppIcon"; ASSETCATALOG_COMPILER_GLOBAL_ACCENT_COLOR_NAME = "AccentColor"; }; };
  000000000000000000000020 = { isa = XCConfigurationList; buildConfigurations = (00000000000000000000001E, 00000000000000000000001F); defaultConfigurationIsVisible = 0; defaultConfigurationName = Release; };
  000000000000000000000021 = { isa = PBXBuildFile; fileRef = 000000000000000000000006; };
  000000000000000000000023 = { isa = PBXBuildFile; fileRef = 000000000000000000000008; };
  000000000000000000000024 = { isa = PBXBuildFile; fileRef = 000000000000000000000009; };
  000000000000000000000025 = { isa = PBXBuildFile; fileRef = 000000000000000000000001; };
  000000000000000000000026 = { isa = PBXBuildFile; fileRef = 000000000000000000000002; };
  000000000000000000000027 = { isa = PBXBuildFile; fileRef = 000000000000000000000003; };
  000000000000000000000028 = { isa = PBXBuildFile; fileRef = 000000000000000000000004; };
  000000000000000000000029 = { isa = PBXSourcesBuildPhase; buildActionMask = 2147483647; files = (456F3EB5C37E346FE62EEDD5, DA79515DCD3307781D894797, AF2881E5A48385ADAB86CDD2, 58ADEE7B19C35A1D87945291, A35B94D11CC8CA062D286A02, D3B1D3F2388E8DB3A848B4C9, 441BA2649C57628E8364FE69, 0FBFB1FADD613D837028706C, 7D1B0234912EE722714989CC, 301A8D76E88FAAFF521345F6, 49048B49416AD393A824095A, A457BBF298FC35BACDCA22B3, C4BD7C5C7C19BF79EDB43911, 88CBC29792279C5FD9359BFC, 08A5808F795DB1F72CC99BF5, C08F58745C7D8EB129266EB6, 3DABD5D49D687CB79EA86DD7, 33E148D44B9AE323417A7B68, 9EEC368E6BF7A4B613A386FD, B9F4F3218CC7E92CE0218D85, ADC4F111505AB1FFA93942D2, E753BB5E9B03A55080787EFB, E58E43E12E9A3AA18AEC08BA, 994AC1AB8145CD0DEDB1D0BA, 35E862BC705DD68B84AED0BD, 5B14879E8BB158189F18092C, A0AFE04E49F91C7063547EEE, 51FBEDD057FAF9F81B2BC1EC, 056AD22CA8FE8C11E125E323, 3F792406A5B5BBF752B7AD65, E691C3CC02F1EA10A4C603AB, DC83F31E9086A0708D6E4EA2, 82022A9E6736B206747B62CE, CB40622A08B0EA9DD8E02542, 245D8D14B7AC668738252DF1, F0A69D3B8341D9E594F37978, 7C7F362686E3CAFFDC6EA0A7, F7EB0199D627DB7F129DAF5A, DDEC271751206135D84D8142, 2B1865871176346357F1A83E, 9B5F235D391A18DED8CAFF87, A55905DE2F87948B38477175, 81BBC1C3DC97F135C05F43E3, 31DE69371E9BC61D39F15FE4, 6DEFB3960CC1515969A21002, 0675232966F32A32C31278D5, 566BB08F344B3F9A593ACA8D, 7FCBCCF1083462B70B6697FA, F8C6E032D882AC2974138A46, 6D4B86634C6B3105249CD9E6, C8B0E95E8681CC591F937BB7, 1D793BF07304189C3613FEB4, 9AA37E682AC35EEF4E1D77AB, 4B40DD38C186D39AFD4C2BB3, 867CD6CBB43DCE2460EFF457, 25854158CAFAD038E85C2BC0, 1794D61BFC6DFC9EB7032EE0, 0BC9D25E02D0FAFCF5EB502F, 30F1FBFB69F4673FAD773145, C152748EC85D91BCDAA98023, E8031F349EC5CCACBFBE1CFF, B7532E90CB1E87CBA13E307B, FD6DE89D25C059FACC5B5451, 08FCC5A1DA9509A0F7990F69, D8260924CFC5F832BC51B66D, F36000000000000000000002, F34000000000000000000002, F26100000000000000000002, 00000000000000000000F101, 00000000000000000000F111, 00000000000000000000F121, C00000000000000000000601, C00000000000000000000501, C00000000000000000000401, C00000000000000000000301, C00000000000000000000101, C00000000000000000000001, B00000000000000000000002, A00000000000000000000005, 000000000000000000000083, 000000000000000000000081, 000000000000000000000073, 000000000000000000000071, 00000000000000000000006E, 00000000000000000000006B, 000000000000000000000068, 000000000000000000000021, 000000000000000000000023, 33FCB1E0E5B6D854000531AC, 90613CE36D2528F7E77363B0, 000000000000000000000024, 000000000000000000000025, 000000000000000000000026, 000000000000000000000027, 1A16CEEFC76F80EB56146153, 000000000000000000000028, 000000000000000000000066, E00000000000000000000002, E00000000000000000000005, E00000000000000000000008, E0000000000000000000000A, 756AB99F062677ED0A1AD452, E0000000000000000000000C); runOnlyForDeploymentPostprocessing = 0; };
  00000000000000000000002A = { isa = PBXFrameworksBuildPhase; buildActionMask = 2147483647; files = (A00000000000000000000003, 000000000000000000000053, 000000000000000000000055, 000000000000000000000062); runOnlyForDeploymentPostprocessing = 0; };
  00000000000000000000002B = { isa = PBXBuildFile; fileRef = 00000000000000000000000C; };
  00000000000000000000002C = { isa = PBXBuildFile; fileRef = 00000000000000000000000D; };
  00000000000000000000002D = { isa = PBXResourcesBuildPhase; buildActionMask = 2147483647; files = (F34000000000000000000004, A00000000000000000000007, 00000000000000000000005D, 00000000000000000000002B, 00000000000000000000002C); runOnlyForDeploymentPostprocessing = 0; };
  00000000000000000000002E = { isa = PBXNativeTarget; buildConfigurationList = 000000000000000000000020; buildPhases = (000000000000000000000029, 00000000000000000000002A, 00000000000000000000002D, 000000000000000000000048); buildRules = (); dependencies = (000000000000000000000046, E0000000000000000000002C); name = Nibble; productName = Nibble; productReference = 000000000000000000000016; productType = "com.apple.product-type.application"; packageProductDependencies = (A00000000000000000000002, 000000000000000000000052, 000000000000000000000054, 000000000000000000000061); };
  00000000000000000000002F = { isa = XCBuildConfiguration; name = Debug; buildSettings = { GENERATE_INFOPLIST_FILE = "YES"; PRODUCT_NAME = "$(TARGET_NAME)"; PRODUCT_BUNDLE_IDENTIFIER = "nibble.9uiLe.com.share"; MARKETING_VERSION = "0.1.0"; CURRENT_PROJECT_VERSION = "1"; INFOPLIST_FILE = "NibbleShare/Info.plist"; CODE_SIGN_ENTITLEMENTS = "NibbleShare/NibbleShare.entitlements"; APPLICATION_EXTENSION_API_ONLY = "YES"; SKIP_INSTALL = "YES"; }; };
  000000000000000000000030 = { isa = XCBuildConfiguration; name = Release; buildSettings = { GENERATE_INFOPLIST_FILE = "YES"; PRODUCT_NAME = "$(TARGET_NAME)"; PRODUCT_BUNDLE_IDENTIFIER = "nibble.9uiLe.com.share"; MARKETING_VERSION = "0.1.0"; CURRENT_PROJECT_VERSION = "1"; INFOPLIST_FILE = "NibbleShare/Info.plist"; CODE_SIGN_ENTITLEMENTS = "NibbleShare/NibbleShare.entitlements"; APPLICATION_EXTENSION_API_ONLY = "YES"; SKIP_INSTALL = "YES"; }; };
  000000000000000000000031 = { isa = XCConfigurationList; buildConfigurations = (00000000000000000000002F, 000000000000000000000030); defaultConfigurationIsVisible = 0; defaultConfigurationName = Release; };
  000000000000000000000032 = { isa = PBXBuildFile; fileRef = 00000000000000000000000F; };
  000000000000000000000033 = { isa = PBXBuildFile; fileRef = 000000000000000000000001; };
  000000000000000000000034 = { isa = PBXBuildFile; fileRef = 000000000000000000000002; };
  000000000000000000000035 = { isa = PBXBuildFile; fileRef = 000000000000000000000003; };
  000000000000000000000036 = { isa = PBXBuildFile; fileRef = 000000000000000000000004; };
  000000000000000000000037 = { isa = PBXSourcesBuildPhase; buildActionMask = 2147483647; files = (D23B78BFE5643A78638C7201, 7001E5CD21F7BDA3047508C6, CECDFA24F236288641B66EE6, DEA970F0BC86D26B2E8D94D0, 8F184F4F116FF18765D56D23, D830B9C74CEF4EC2182D8298, 27C410881FC63337E9183193, 8814B8A2B1236D3025F65318, CC2A61605E27FA89469BED6C, 0481089DFF8BE693181A6BD4, 989C197D959B35C618E5C41F, 70BBBE688A6BA2DB735F0618, 81479A2D03395CC11D5DE4CA, 412E475BF12E7DA4D59E1182, D6237E22ECE996FAABBAC149, FC5F395867B16F443DA53464, C22799045D37891B5465FC50, 1F822F16F9B5468D72251A1A, 8B6431A527B80188F69E01AB, BE42BDF31B9DCE604C24DB98, 5D1AF8CF2AFCCE817CE083E3, DC666B05FEACF6874EDDBD84, C69BB2BFB5655C8A56D5F039, 3B5D177F2940185D01449532, CC8A47FA1A9E4B9470CEFFFA, 92426E52D7BA25CC46D0A50E, CC9E87BE06774BC9A737B819, EB3BCD573434C9C553AF1C8A, D7D2FF2AC1294DDB8295EB35, B6060C25208080791E779F1B, 5B2A91D476A9F66DFE5B2486, 00000000000000000000F102, 00000000000000000000F112, 00000000000000000000F122, C00000000000000000000102, C00000000000000000000002, B00000000000000000000003, 00000000000000000000006F, 00000000000000000000006C, 000000000000000000000069, 000000000000000000000032, 000000000000000000000033, 000000000000000000000034, 000000000000000000000035, 2B8AD2C5CBD58C6DA537648E, 000000000000000000000036, E00000000000000000000003, E00000000000000000000006); runOnlyForDeploymentPostprocessing = 0; };
  000000000000000000000038 = { isa = PBXFrameworksBuildPhase; buildActionMask = 2147483647; files = (D00000000000000000000002, 000000000000000000000057, 000000000000000000000059); runOnlyForDeploymentPostprocessing = 0; };
  000000000000000000000039 = { isa = PBXBuildFile; fileRef = 000000000000000000000012; };
  00000000000000000000003A = { isa = PBXResourcesBuildPhase; buildActionMask = 2147483647; files = (00000000000000000000005E, 000000000000000000000039); runOnlyForDeploymentPostprocessing = 0; };
  00000000000000000000003B = { isa = PBXNativeTarget; buildConfigurationList = 000000000000000000000031; buildPhases = (000000000000000000000037, 000000000000000000000038, 00000000000000000000003A); buildRules = (); dependencies = (); name = NibbleShare; productName = NibbleShare; productReference = 000000000000000000000017; productType = "com.apple.product-type.app-extension"; packageProductDependencies = (D00000000000000000000001, 000000000000000000000056, 000000000000000000000058); };
  00000000000000000000003C = { isa = XCBuildConfiguration; name = Debug; buildSettings = { GENERATE_INFOPLIST_FILE = "YES"; PRODUCT_NAME = "$(TARGET_NAME)"; PRODUCT_BUNDLE_IDENTIFIER = "nibble.9uiLe.com.tests"; MARKETING_VERSION = "0.1.0"; CURRENT_PROJECT_VERSION = "1"; BUNDLE_LOADER = "$(TEST_HOST)"; TEST_HOST = "$(BUILT_PRODUCTS_DIR)/Nibble.app/$(BUNDLE_EXECUTABLE_FOLDER_PATH)/Nibble"; }; };
  00000000000000000000003D = { isa = XCBuildConfiguration; name = Release; buildSettings = { GENERATE_INFOPLIST_FILE = "YES"; PRODUCT_NAME = "$(TARGET_NAME)"; PRODUCT_BUNDLE_IDENTIFIER = "nibble.9uiLe.com.tests"; MARKETING_VERSION = "0.1.0"; CURRENT_PROJECT_VERSION = "1"; BUNDLE_LOADER = "$(TEST_HOST)"; TEST_HOST = "$(BUILT_PRODUCTS_DIR)/Nibble.app/$(BUNDLE_EXECUTABLE_FOLDER_PATH)/Nibble"; }; };
  00000000000000000000003E = { isa = XCConfigurationList; buildConfigurations = (00000000000000000000003C, 00000000000000000000003D); defaultConfigurationIsVisible = 0; defaultConfigurationName = Release; };
  00000000000000000000003F = { isa = PBXBuildFile; fileRef = 000000000000000000000014; };
  000000000000000000000040 = { isa = PBXSourcesBuildPhase; buildActionMask = 2147483647; files = (81BD6DCE3B9D21C1F454E03B, 6F7B5C2C5A0496C32D856DE6, F37000000000000000000003, F26100000000000000000004, F26000000000000000000002, F25000000000000000000002, E00000000000000000000031, C00000000000000000000701, A0000000000000000000000B, 00000000000000000000007F, 00000000000000000000007D, 00000000000000000000007B, 000000000000000000000079, 000000000000000000000077, 000000000000000000000075, 00000000000000000000003F); runOnlyForDeploymentPostprocessing = 0; };
  000000000000000000000041 = { isa = PBXFrameworksBuildPhase; buildActionMask = 2147483647; files = (A00000000000000000000009, 00000000000000000000005B, 000000000000000000000064); runOnlyForDeploymentPostprocessing = 0; };
  000000000000000000000042 = { isa = PBXResourcesBuildPhase; buildActionMask = 2147483647; files = (); runOnlyForDeploymentPostprocessing = 0; };
  000000000000000000000043 = { isa = PBXNativeTarget; buildConfigurationList = 00000000000000000000003E; buildPhases = (000000000000000000000040, 000000000000000000000041, 000000000000000000000042); buildRules = (); dependencies = (00000000000000000000004A); name = NibbleTests; productName = NibbleTests; productReference = 000000000000000000000018; productType = "com.apple.product-type.bundle.unit-test"; packageProductDependencies = (A00000000000000000000008, 00000000000000000000005A, 000000000000000000000063); };
  000000000000000000000044 = { isa = PBXProject; attributes = { LastUpgradeCheck = 2650; }; buildConfigurationList = 00000000000000000000001D; compatibilityVersion = "Xcode 14.0"; developmentRegion = ja; knownRegions = (ja,en,Base); mainGroup = 00000000000000000000001A; productRefGroup = 000000000000000000000019; projectDirPath = ""; projectRoot = ""; targets = (F37000000000000000000010, 00000000000000000000002E, 00000000000000000000003B, 000000000000000000000043, E0000000000000000000002A); packageReferences = (A00000000000000000000001, 000000000000000000000050, 000000000000000000000051, 000000000000000000000060); };
  000000000000000000000045 = { isa = PBXContainerItemProxy; containerPortal = 000000000000000000000044; proxyType = 1; remoteGlobalIDString = 00000000000000000000003B; remoteInfo = NibbleShare; };
  000000000000000000000046 = { isa = PBXTargetDependency; target = 00000000000000000000003B; targetProxy = 000000000000000000000045; };
  000000000000000000000047 = { isa = PBXBuildFile; fileRef = 000000000000000000000017; settings = { ATTRIBUTES = (RemoveHeadersOnCopy); }; };
  000000000000000000000048 = { isa = PBXCopyFilesBuildPhase; buildActionMask = 2147483647; dstPath = ""; dstSubfolderSpec = 13; files = (000000000000000000000047, E0000000000000000000002D); name = "Embed App Extensions"; runOnlyForDeploymentPostprocessing = 0; };
  000000000000000000000049 = { isa = PBXContainerItemProxy; containerPortal = 000000000000000000000044; proxyType = 1; remoteGlobalIDString = 00000000000000000000002E; remoteInfo = Nibble; };
  00000000000000000000004A = { isa = PBXTargetDependency; target = 00000000000000000000002E; targetProxy = 000000000000000000000049; };
  000000000000000000000050 = { isa = XCRemoteSwiftPackageReference; repositoryURL = "https://github.com/9uiLe/swift-tasking.git"; requirement = { kind = exactVersion; version = 0.3.0; }; };
  000000000000000000000051 = { isa = XCRemoteSwiftPackageReference; repositoryURL = "https://github.com/9uiLe/swift-scoped-animation.git"; requirement = { kind = exactVersion; version = 0.2.2; }; };
  000000000000000000000052 = { isa = XCSwiftPackageProductDependency; package = 000000000000000000000050; productName = Tasking; };
  000000000000000000000053 = { isa = PBXBuildFile; productRef = 000000000000000000000052; };
  000000000000000000000054 = { isa = XCSwiftPackageProductDependency; package = 000000000000000000000051; productName = ScopedAnimation; };
  000000000000000000000055 = { isa = PBXBuildFile; productRef = 000000000000000000000054; };
  000000000000000000000056 = { isa = XCSwiftPackageProductDependency; package = 000000000000000000000050; productName = Tasking; };
  000000000000000000000057 = { isa = PBXBuildFile; productRef = 000000000000000000000056; };
  000000000000000000000058 = { isa = XCSwiftPackageProductDependency; package = 000000000000000000000051; productName = ScopedAnimation; };
  000000000000000000000059 = { isa = PBXBuildFile; productRef = 000000000000000000000058; };
  00000000000000000000005A = { isa = XCSwiftPackageProductDependency; package = 000000000000000000000050; productName = Tasking; };
  00000000000000000000005B = { isa = PBXBuildFile; productRef = 00000000000000000000005A; };
  00000000000000000000005C = { isa = PBXFileReference; lastKnownFileType = text; path = "ThirdPartyNotices.txt"; sourceTree = "<group>"; };
  00000000000000000000005D = { isa = PBXBuildFile; fileRef = 00000000000000000000005C; };
  00000000000000000000005E = { isa = PBXBuildFile; fileRef = 00000000000000000000005C; };
  000000000000000000000060 = { isa = XCRemoteSwiftPackageReference; repositoryURL = "https://github.com/9uiLe/swift-app-macros.git"; requirement = { kind = exactVersion; version = 0.3.0; }; };
  000000000000000000000061 = { isa = XCSwiftPackageProductDependency; package = 000000000000000000000060; productName = AppMacros; };
  000000000000000000000062 = { isa = PBXBuildFile; productRef = 000000000000000000000061; };
  000000000000000000000063 = { isa = XCSwiftPackageProductDependency; package = 000000000000000000000060; productName = AppMacros; };
  000000000000000000000064 = { isa = PBXBuildFile; productRef = 000000000000000000000063; };
  000000000000000000000065 = { isa = PBXFileReference; lastKnownFileType = sourcecode.swift; path = "SnippetRowContent.swift"; sourceTree = "<group>"; };
  000000000000000000000066 = { isa = PBXBuildFile; fileRef = 000000000000000000000065; };
  000000000000000000000067 = { isa = PBXFileReference; lastKnownFileType = sourcecode.swift; path = "Draft.swift"; sourceTree = "<group>"; };
  000000000000000000000068 = { isa = PBXBuildFile; fileRef = 000000000000000000000067; };
  000000000000000000000069 = { isa = PBXBuildFile; fileRef = 000000000000000000000067; };
  00000000000000000000006A = { isa = PBXFileReference; lastKnownFileType = sourcecode.swift; path = "LibraryRequest.swift"; sourceTree = "<group>"; };
  00000000000000000000006B = { isa = PBXBuildFile; fileRef = 00000000000000000000006A; };
  00000000000000000000006C = { isa = PBXBuildFile; fileRef = 00000000000000000000006A; };
  00000000000000000000006D = { isa = PBXFileReference; lastKnownFileType = sourcecode.swift; path = "NibbleTheme.swift"; sourceTree = "<group>"; };
  00000000000000000000006E = { isa = PBXBuildFile; fileRef = 00000000000000000000006D; };
  00000000000000000000006F = { isa = PBXBuildFile; fileRef = 00000000000000000000006D; };
  000000000000000000000070 = { isa = PBXFileReference; lastKnownFileType = sourcecode.swift; path = "LibraryTaskOwner.swift"; sourceTree = "<group>"; };
  000000000000000000000071 = { isa = PBXBuildFile; fileRef = 000000000000000000000070; };
  000000000000000000000072 = { isa = PBXFileReference; lastKnownFileType = sourcecode.swift; path = "AboutView.swift"; sourceTree = "<group>"; };
  000000000000000000000073 = { isa = PBXBuildFile; fileRef = 000000000000000000000072; };
  000000000000000000000074 = { isa = PBXFileReference; lastKnownFileType = sourcecode.swift; path = "TestDatabase.swift"; sourceTree = "<group>"; };
  000000000000000000000075 = { isa = PBXBuildFile; fileRef = 000000000000000000000074; };
  000000000000000000000076 = { isa = PBXFileReference; lastKnownFileType = sourcecode.swift; path = "UIIntegrationTests.swift"; sourceTree = "<group>"; };
  000000000000000000000077 = { isa = PBXBuildFile; fileRef = 000000000000000000000076; };
  000000000000000000000078 = { isa = PBXFileReference; lastKnownFileType = sourcecode.swift; path = "OwnedActionTests.swift"; sourceTree = "<group>"; };
  000000000000000000000079 = { isa = PBXBuildFile; fileRef = 000000000000000000000078; };
  00000000000000000000007A = { isa = PBXFileReference; lastKnownFileType = sourcecode.swift; path = "OperationTests.swift"; sourceTree = "<group>"; };
  00000000000000000000007B = { isa = PBXBuildFile; fileRef = 00000000000000000000007A; };
  00000000000000000000007C = { isa = PBXFileReference; lastKnownFileType = sourcecode.swift; path = "RowComparisonTests.swift"; sourceTree = "<group>"; };
  00000000000000000000007D = { isa = PBXBuildFile; fileRef = 00000000000000000000007C; };
  00000000000000000000007E = { isa = PBXFileReference; lastKnownFileType = sourcecode.swift; path = "DraftLifecycleTests.swift"; sourceTree = "<group>"; };
  00000000000000000000007F = { isa = PBXBuildFile; fileRef = 00000000000000000000007E; };
  BE7D9B25D063842F9C0C3025 = { isa = PBXFileReference; lastKnownFileType = sourcecode.swift; path = MarkdownStyle.swift; sourceTree = "<group>"; };
  DA79515DCD3307781D894797 = { isa = PBXBuildFile; fileRef = BE7D9B25D063842F9C0C3025; };
  7001E5CD21F7BDA3047508C6 = { isa = PBXBuildFile; fileRef = BE7D9B25D063842F9C0C3025; };
  6BEEFEFB43D6D12E55924501 = { isa = PBXFileReference; lastKnownFileType = sourcecode.swift; path = MarkdownEditorMode.swift; sourceTree = "<group>"; };
  456F3EB5C37E346FE62EEDD5 = { isa = PBXBuildFile; fileRef = 6BEEFEFB43D6D12E55924501; };
  D23B78BFE5643A78638C7201 = { isa = PBXBuildFile; fileRef = 6BEEFEFB43D6D12E55924501; };
  0BF690771CE8F5E6F2A44BEE = { isa = PBXGroup; path = Markdown; children = (B721EBA500B470340008AD85, 6DE62B7AAB8A9FABE543D4D3, 32F2B98B7CC30C3045B143D4, B0F36518E054F102D8877847, B61C1CD952A081933D2CD1CF, C01883A039685011F8A0D35A, BE7D9B25D063842F9C0C3025, 6BEEFEFB43D6D12E55924501); sourceTree = "<group>"; };
  73E5D79C5E4606829424043C = { isa = PBXFileReference; lastKnownFileType = sourcecode.swift; path = ViewTestHost.swift; sourceTree = "<group>"; };
  81BD6DCE3B9D21C1F454E03B = { isa = PBXBuildFile; fileRef = 73E5D79C5E4606829424043C; };
  4BEC3B2C92131AC063FCA504 = { isa = PBXBuildFile; fileRef = 73E5D79C5E4606829424043C; };
 };
 rootObject = 000000000000000000000044;
}
