// !$*UTF8*$!
{
	archiveVersion = 1;
	classes = {};
	objectVersion = 56;
	objects = {
		000000000000000000000001 = { isa = PBXProject; attributes = { LastUpgradeCheck = 2650; }; buildConfigurationList = 000000000000000000000002; compatibilityVersion = "Xcode 14.0"; developmentRegion = ja; knownRegions = (ja, en, Base); mainGroup = 000000000000000000000003; productRefGroup = 000000000000000000000004; projectDirPath = ""; projectRoot = ""; targets = (00000000000000000000000A, 000000000000000000000014); };
		000000000000000000000002 = { isa = XCConfigurationList; buildConfigurations = (000000000000000000000005, 000000000000000000000006); defaultConfigurationIsVisible = 0; defaultConfigurationName = Debug; };
		000000000000000000000003 = { isa = PBXGroup; children = (000000000000000000000007, 000000000000000000000008, 000000000000000000000004); sourceTree = "<group>"; };
		000000000000000000000004 = { isa = PBXGroup; children = (00000000000000000000000B, 000000000000000000000015); name = Products; sourceTree = "<group>"; };
		000000000000000000000005 = { isa = XCBuildConfiguration; name = Debug; buildSettings = {IPHONEOS_DEPLOYMENT_TARGET = 26.0; SDKROOT = iphoneos; SWIFT_VERSION = 6.0; CLANG_ENABLE_MODULES = YES; CODE_SIGN_STYLE = Automatic; TARGETED_DEVICE_FAMILY = 1; DEBUG_INFORMATION_FORMAT = dwarf; ENABLE_TESTABILITY = YES; SWIFT_OPTIMIZATION_LEVEL = "-Onone"; SWIFT_ACTIVE_COMPILATION_CONDITIONS = DEBUG; ONLY_ACTIVE_ARCH = YES; }; };
		000000000000000000000006 = { isa = XCBuildConfiguration; name = Release; buildSettings = {IPHONEOS_DEPLOYMENT_TARGET = 26.0; SDKROOT = iphoneos; SWIFT_VERSION = 6.0; CLANG_ENABLE_MODULES = YES; CODE_SIGN_STYLE = Automatic; TARGETED_DEVICE_FAMILY = 1; DEBUG_INFORMATION_FORMAT = "dwarf-with-dsym"; SWIFT_COMPILATION_MODE = wholemodule; SWIFT_OPTIMIZATION_LEVEL = "-O"; }; };
		000000000000000000000007 = { isa = PBXGroup; path = VerificationApp; children = (000000000000000000000009, 000000000000000000000011); sourceTree = "<group>"; };
		000000000000000000000008 = { isa = PBXGroup; path = VerificationAppTests; children = (00000000000000000000001D); sourceTree = "<group>"; };
		000000000000000000000009 = { isa = PBXFileReference; lastKnownFileType = sourcecode.swift; path = App.swift; sourceTree = "<group>"; };
		00000000000000000000000A = { isa = PBXNativeTarget; buildConfigurationList = 00000000000000000000000C; buildPhases = (00000000000000000000000D, 00000000000000000000000E); buildRules = (); dependencies = (); name = VerificationApp; productName = VerificationApp; productReference = 00000000000000000000000B; productType = "com.apple.product-type.application"; };
		00000000000000000000000B = { isa = PBXFileReference; explicitFileType = wrapper.application; includeInIndex = 0; path = VerificationApp.app; sourceTree = BUILT_PRODUCTS_DIR; };
		00000000000000000000000C = { isa = XCConfigurationList; buildConfigurations = (00000000000000000000000F, 000000000000000000000010); defaultConfigurationIsVisible = 0; defaultConfigurationName = Debug; };
		00000000000000000000000D = { isa = PBXSourcesBuildPhase; buildActionMask = 2147483647; files = (000000000000000000000012); runOnlyForDeploymentPostprocessing = 0; };
		00000000000000000000000E = { isa = PBXFrameworksBuildPhase; buildActionMask = 2147483647; files = (); runOnlyForDeploymentPostprocessing = 0; };
		00000000000000000000000F = { isa = XCBuildConfiguration; name = Debug; buildSettings = { GENERATE_INFOPLIST_FILE = YES; PRODUCT_NAME = "$(TARGET_NAME)"; PRODUCT_BUNDLE_IDENTIFIER = dev.nibble.VerificationApp; MARKETING_VERSION = 0.0.1; CURRENT_PROJECT_VERSION = 1; INFOPLIST_FILE = VerificationApp/Info.plist; }; };
		000000000000000000000010 = { isa = XCBuildConfiguration; name = Release; buildSettings = { GENERATE_INFOPLIST_FILE = YES; PRODUCT_NAME = "$(TARGET_NAME)"; PRODUCT_BUNDLE_IDENTIFIER = dev.nibble.VerificationApp; MARKETING_VERSION = 0.0.1; CURRENT_PROJECT_VERSION = 1; INFOPLIST_FILE = VerificationApp/Info.plist; }; };
		000000000000000000000011 = { isa = PBXFileReference; lastKnownFileType = text.plist.xml; path = Info.plist; sourceTree = "<group>"; };
		000000000000000000000012 = { isa = PBXBuildFile; fileRef = 000000000000000000000009; };
		000000000000000000000014 = { isa = PBXNativeTarget; buildConfigurationList = 000000000000000000000016; buildPhases = (000000000000000000000017, 000000000000000000000018); buildRules = (); dependencies = (00000000000000000000001E); name = VerificationAppTests; productName = VerificationAppTests; productReference = 000000000000000000000015; productType = "com.apple.product-type.bundle.unit-test"; };
		000000000000000000000015 = { isa = PBXFileReference; explicitFileType = wrapper.cfbundle; includeInIndex = 0; path = VerificationAppTests.xctest; sourceTree = BUILT_PRODUCTS_DIR; };
		000000000000000000000016 = { isa = XCConfigurationList; buildConfigurations = (000000000000000000000019, 00000000000000000000001A); defaultConfigurationIsVisible = 0; defaultConfigurationName = Debug; };
		000000000000000000000017 = { isa = PBXSourcesBuildPhase; buildActionMask = 2147483647; files = (00000000000000000000001C); runOnlyForDeploymentPostprocessing = 0; };
		000000000000000000000018 = { isa = PBXFrameworksBuildPhase; buildActionMask = 2147483647; files = (); runOnlyForDeploymentPostprocessing = 0; };
		000000000000000000000019 = { isa = XCBuildConfiguration; name = Debug; buildSettings = { GENERATE_INFOPLIST_FILE = YES; PRODUCT_NAME = "$(TARGET_NAME)"; PRODUCT_BUNDLE_IDENTIFIER = dev.nibble.VerificationAppTests; MARKETING_VERSION = 0.0.1; CURRENT_PROJECT_VERSION = 1; BUNDLE_LOADER = "$(TEST_HOST)"; TEST_HOST = "$(BUILT_PRODUCTS_DIR)/VerificationApp.app/$(BUNDLE_EXECUTABLE_FOLDER_PATH)/VerificationApp"; }; };
		00000000000000000000001A = { isa = XCBuildConfiguration; name = Release; buildSettings = { GENERATE_INFOPLIST_FILE = YES; PRODUCT_NAME = "$(TARGET_NAME)"; PRODUCT_BUNDLE_IDENTIFIER = dev.nibble.VerificationAppTests; MARKETING_VERSION = 0.0.1; CURRENT_PROJECT_VERSION = 1; BUNDLE_LOADER = "$(TEST_HOST)"; TEST_HOST = "$(BUILT_PRODUCTS_DIR)/VerificationApp.app/$(BUNDLE_EXECUTABLE_FOLDER_PATH)/VerificationApp"; }; };
		00000000000000000000001C = { isa = PBXBuildFile; fileRef = 00000000000000000000001D; };
		00000000000000000000001D = { isa = PBXFileReference; lastKnownFileType = sourcecode.swift; path = HostedTests.swift; sourceTree = "<group>"; };
		00000000000000000000001E = { isa = PBXTargetDependency; target = 00000000000000000000000A; targetProxy = 00000000000000000000001F; };
		00000000000000000000001F = { isa = PBXContainerItemProxy; containerPortal = 000000000000000000000001; proxyType = 1; remoteGlobalIDString = 00000000000000000000000A; remoteInfo = VerificationApp; };
	};
	rootObject = 000000000000000000000001;
}
